// !$*UTF8*$!
{
	archiveVersion = 1;
	classes = {
	};
	objectVersion = 56;
	objects = {

/* Begin PBXBuildFile section */
		7ADC9EF12990435000AF7292 /* AppDelegate.swift in Sources */ = {isa = PBXBuildFile; fileRef = 7ADC9EF02990435000AF7292 /* AppDelegate.swift */; };
		7ADC9EF32990435000AF7292 /* SceneDelegate.swift in Sources */ = {isa = PBXBuildFile; fileRef = 7ADC9EF22990435000AF7292 /* SceneDelegate.swift */; };
		7ADC9EF52990435000AF7292 /* ViewController.swift in Sources */ = {isa = PBXBuildFile; fileRef = 7ADC9EF42990435000AF7292 /* ViewController.swift */; };
		7ADC9EF82990435000AF7292 /* Main.storyboard in Resources */ = {isa = PBXBuildFile; fileRef = 7ADC9EF62990435000AF7292 /* Main.storyboard */; };
		7ADC9EFA2990435100AF7292 /* Assets.xcassets in Resources */ = {isa = PBXBuildFile; fileRef = 7ADC9EF92990435100AF7292 /* Assets.xcassets */; };
		7ADC9EFD2990435100AF7292 /* LaunchScreen.storyboard in Resources */ = {isa = PBXBuildFile; fileRef = 7ADC9EFB2990435100AF7292 /* LaunchScreen.storyboard */; };
		7ADC9F082990435100AF7292 /* DateAndTimePickerTests.swift in Sources */ = {isa = PBXBuildFile; fileRef = 7ADC9F072990435100AF7292 /* DateAndTimePickerTests.swift */; };
		7ADC9F122990435100AF7292 /* DateAndTimePickerUITests.swift in Sources */ = {isa = PBXBuildFile; fileRef = 7ADC9F112990435100AF7292 /* DateAndTimePickerUITests.swift */; };
		7ADC9F142990435100AF7292 /* DateAndTimePickerUITestsLaunchTests.swift in Sources */ = {isa = PBXBuildFile; fileRef = 7ADC9F132990435100AF7292 /* DateAndTimePickerUITestsLaunchTests.swift */; };
/* End PBXBuildFile section */

/* Begin PBXContainerItemProxy section */
		7ADC9F042990435100AF7292 /* PBXContainerItemProxy */ = {
			isa = PBXContainerItemProxy;
			containerPortal = 7ADC9EE52990435000AF7292 /* Project object */;
			proxyType = 1;
			remoteGlobalIDString = 7ADC9EEC2990435000AF7292;
			remoteInfo = DateAndTimePicker;
		};
		7ADC9F0E2990435100AF7292 /* PBXContainerItemProxy */ = {
			isa = PBXContainerItemProxy;
			containerPortal = 7ADC9EE52990435000AF7292 /* Project object */;
			proxyType = 1;
			remoteGlobalIDString = 7ADC9EEC2990435000AF7292;
			remoteInfo = DateAndTimePicker;
		};
/* End PBXContainerItemProxy section */

/* Begin PBXFileReference section */
		7ADC9EED2990435000AF7292 /* DateAndTimePicker.app */ = {isa = PBXFileReference; explicitFileType = wrapper.application; includeInIndex = 0; path = DateAndTimePicker.app; sourceTree = BUILT_PRODUCTS_DIR; };
		7ADC9EF02990435000AF7292 /* AppDelegate.swift */ = {isa = PBXFileReference; lastKnownFileType = sourcecode.swift; path = AppDelegate.swift; sourceTree = "<group>"; };
		7ADC9EF22990435000AF7292 /* SceneDelegate.swift */ = {isa = PBXFileReference; lastKnownFileType = sourcecode.swift; path = SceneDelegate.swift; sourceTree = "<group>"; };
		7ADC9EF42990435000AF7292 /* ViewController.swift */ = {isa = PBXFileReference; lastKnownFileType = sourcecode.swift; path = ViewController.swift; sourceTree = "<group>"; };
		7ADC9EF72990435000AF7292 /* Base */ = {isa = PBXFileReference; lastKnownFileType = file.storyboard; name = Base; path = Base.lproj/Main.storyboard; sourceTree = "<group>"; };
		7ADC9EF92990435100AF7292 /* Assets.xcassets */ = {isa = PBXFileReference; lastKnownFileType = folder.assetcatalog; path = Assets.xcassets; sourceTree = "<group>"; };
		7ADC9EFC2990435100AF7292 /* Base */ = {isa = PBXFileReference; lastKnownFileType = file.storyboard; name = Base; path = Base.lproj/LaunchScreen.storyboard; sourceTree = "<group>"; };
		7ADC9EFE2990435100AF7292 /* Info.plist */ = {isa = PBXFileReference; lastKnownFileType = text.plist.xml; path = Info.plist; sourceTree = "<group>"; };
		7ADC9F032990435100AF7292 /* DateAndTimePickerTests.xctest */ = {isa = PBXFileReference; explicitFileType = wrapper.cfbundle; includeInIndex = 0; path = DateAndTimePickerTests.xctest; sourceTree = BUILT_PRODUCTS_DIR; };
		7ADC9F072990435100AF7292 /* DateAndTimePickerTests.swift */ = {isa = PBXFileReference; lastKnownFileType = sourcecode.swift; path = DateAndTimePickerTests.swift; sourceTree = "<group>"; };
		7ADC9F0D2990435100AF7292 /* DateAndTimePickerUITests.xctest */ = {isa = PBXFileReference; explicitFileType = wrapper.cfbundle; includeInIndex = 0; path = DateAndTimePickerUITests.xctest; sourceTree = BUILT_PRODUCTS_DIR; };
		7ADC9F112990435100AF7292 /* DateAndTimePickerUITests.swift */ = {isa = PBXFileReference; lastKnownFileType = sourcecode.swift; path = DateAndTimePickerUITests.swift; sourceTree = "<group>"; };
		7ADC9F132990435100AF7292 /* DateAndTimePickerUITestsLaunchTests.swift */ = {isa = PBXFileReference; lastKnownFileType = sourcecode.swift; path = DateAndTimePickerUITestsLaunchTests.swift; sourceTree = "<group>"; };
/* End PBXFileReference section */

/* Begin PBXFrameworksBuildPhase section */
		7ADC9EEA2990435000AF7292 /* Frameworks */ = {
			isa = PBXFrameworksBuildPhase;
			buildActionMask = 2147483647;
			files = (
			);
			runOnlyForDeploymentPostprocessing = 0;
		};
		7ADC9F002990435100AF7292 /* Frameworks */ = {
			isa = PBXFrameworksBuildPhase;
			buildActionMask = 2147483647;
			files = (
			);
			runOnlyForDeploymentPostprocessing = 0;
		};
		7ADC9F0A2990435100AF7292 /* Frameworks */ = {
			isa = PBXFrameworksBuildPhase;
			buildActionMask = 2147483647;
			files = (
			);
			runOnlyForDeploymentPostprocessing = 0;
		};
/* End PBXFrameworksBuildPhase section */

/* Begin PBXGroup section */
		7ADC9EE42990435000AF7292 = {
			isa = PBXGroup;
			children = (
				7ADC9EEF2990435000AF7292 /* DateAndTimePicker */,
				7ADC9F062990435100AF7292 /* DateAndTimePickerTests */,
				7ADC9F102990435100AF7292 /* DateAndTimePickerUITests */,
				7ADC9EEE2990435000AF7292 /* Products */,
			);
			sourceTree = "<group>";
		};
		7ADC9EEE2990435000AF7292 /* Products */ = {
			isa = PBXGroup;
			children = (
				7ADC9EED2990435000AF7292 /* DateAndTimePicker.app */,
				7ADC9F032990435100AF7292 /* DateAndTimePickerTests.xctest */,
				7ADC9F0D2990435100AF7292 /* DateAndTimePickerUITests.xctest */,
			);
			name = Products;
			sourceTree = "<group>";
		};
		7ADC9EEF2990435000AF7292 /* DateAndTimePicker */ = {
			isa = PBXGroup;
			children = (
				7ADC9EF02990435000AF7292 /* AppDelegate.swift */,
				7ADC9EF22990435000AF7292 /* SceneDelegate.swift */,
				7ADC9EF42990435000AF7292 /* ViewController.swift */,
				7ADC9EF62990435000AF7292 /* Main.storyboard */,
				7ADC9EF92990435100AF7292 /* Assets.xcassets */,
				7ADC9EFB2990435100AF7292 /* LaunchScreen.storyboard */,
				7ADC9EFE2990435100AF7292 /* Info.plist */,
			);
			path = DateAndTimePicker;
			sourceTree = "<group>";
		};
		7ADC9F062990435100AF7292 /* DateAndTimePickerTests */ = {
			isa = PBXGroup;
			children = (
				7ADC9F072990435100AF7292 /* DateAndTimePickerTests.swift */,
			);
			path = DateAndTimePickerTests;
			sourceTree = "<group>";
		};
		7ADC9F102990435100AF7292 /* DateAndTimePickerUITests */ = {
			isa = PBXGroup;
			children = (
				7ADC9F112990435100AF7292 /* DateAndTimePickerUITests.swift */,
				7ADC9F132990435100AF7292 /* DateAndTimePickerUITestsLaunchTests.swift */,
			);
			path = DateAndTimePickerUITests;
			sourceTree = "<group>";
		};
/* End PBXGroup section */

/* Begin PBXNativeTarget section */
		7ADC9EEC2990435000AF7292 /* DateAndTimePicker */ = {
			isa = PBXNativeTarget;
			buildConfigurationList = 7ADC9F172990435100AF7292 /* Build configuration list for PBXNativeTarget "DateAndTimePicker" */;
			buildPhases = (
				7ADC9EE92990435000AF7292 /* Sources */,
				7ADC9EEA2990435000AF7292 /* Frameworks */,
				7ADC9EEB2990435000AF7292 /* Resources */,
			);
			buildRules = (
			);
			dependencies = (
			);
			name = DateAndTimePicker;
			productName = DateAndTimePicker;
			productReference = 7ADC9EED2990435000AF7292 /* DateAndTimePicker.app */;
			productType = "com.apple.product-type.application";
		};
		7ADC9F022990435100AF7292 /* DateAndTimePickerTests */ = {
			isa = PBXNativeTarget;
			buildConfigurationList = 7ADC9F1A2990435100AF7292 /* Build configuration list for PBXNativeTarget "DateAndTimePickerTests" */;
			buildPhases = (
				7ADC9EFF2990435100AF7292 /* Sources */,
				7ADC9F002990435100AF7292 /* Frameworks */,
				7ADC9F012990435100AF7292 /* Resources */,
			);
			buildRules = (
			);
			dependencies = (
				7ADC9F052990435100AF7292 /* PBXTargetDependency */,
			);
			name = DateAndTimePickerTests;
			productName = DateAndTimePickerTests;
			productReference = 7ADC9F032990435100AF7292 /* DateAndTimePickerTests.xctest */;
			productType = "com.apple.product-type.bundle.unit-test";
		};
		7ADC9F0C2990435100AF7292 /* DateAndTimePickerUITests */ = {
			isa = PBXNativeTarget;
			buildConfigurationList = 7ADC9F1D2990435100AF7292 /* Build configuration list for PBXNativeTarget "DateAndTimePickerUITests" */;
			buildPhases = (
				7ADC9F092990435100AF7292 /* Sources */,
				7ADC9F0A2990435100AF7292 /* Frameworks */,
				7ADC9F0B2990435100AF7292 /* Resources */,
			);
			buildRules = (
			);
			dependencies = (
				7ADC9F0F2990435100AF7292 /* PBXTargetDependency */,
			);
			name = DateAndTimePickerUITests;
			productName = DateAndTimePickerUITests;
			productReference = 7ADC9F0D2990435100AF7292 /* DateAndTimePickerUITests.xctest */;
			productType = "com.apple.product-type.bundle.ui-testing";
		};
/* End PBXNativeTarget section */

/* Begin PBXProject section */
		7ADC9EE52990435000AF7292 /* Project object */ = {
			isa = PBXProject;
			attributes = {
				BuildIndependentTargetsInParallel = 1;
				LastSwiftUpdateCheck = 1420;
				LastUpgradeCheck = 1420;
				TargetAttributes = {
					7ADC9EEC2990435000AF7292 = {
						CreatedOnToolsVersion = 14.2;
					};
					7ADC9F022990435100AF7292 = {
						CreatedOnToolsVersion = 14.2;
						TestTargetID = 7ADC9EEC2990435000AF7292;
					};
					7ADC9F0C2990435100AF7292 = {
						CreatedOnToolsVersion = 14.2;
						TestTargetID = 7ADC9EEC2990435000AF7292;
					};
				};
			};
			buildConfigurationList = 7ADC9EE82990435000AF7292 /* Build configuration list for PBXProject "DateAndTimePicker" */;
			compatibilityVersion = "Xcode 14.0";
			developmentRegion = en;
			hasScannedForEncodings = 0;
			knownRegions = (
				en,
				Base,
			);
			mainGroup = 7ADC9EE42990435000AF7292;
			productRefGroup = 7ADC9EEE2990435000AF7292 /* Products */;
			projectDirPath = "";
			projectRoot = "";
			targets = (
				7ADC9EEC2990435000AF7292 /* DateAndTimePicker */,
				7ADC9F022990435100AF7292 /* DateAndTimePickerTests */,
				7ADC9F0C2990435100AF7292 /* DateAndTimePickerUITests */,
			);
		};
/* End PBXProject section */

/* Begin PBXResourcesBuildPhase section */
		7ADC9EEB2990435000AF7292 /* Resources */ = {
			isa = PBXResourcesBuildPhase;
			buildActionMask = 2147483647;
			files = (
				7ADC9EFD2990435100AF7292 /* LaunchScreen.storyboard in Resources */,
				7ADC9EFA2990435100AF7292 /* Assets.xcassets in Resources */,
				7ADC9EF82990435000AF7292 /* Main.storyboard in Resources */,
			);
			runOnlyForDeploymentPostprocessing = 0;
		};
		7ADC9F012990435100AF7292 /* Resources */ = {
			isa = PBXResourcesBuildPhase;
			buildActionMask = 2147483647;
			files = (
			);
			runOnlyForDeploymentPostprocessing = 0;
		};
		7ADC9F0B2990435100AF7292 /* Resources */ = {
			isa = PBXResourcesBuildPhase;
			buildActionMask = 2147483647;
			files = (
			);
			runOnlyForDeploymentPostprocessing = 0;
		};
/* End PBXResourcesBuildPhase section */

/* Begin PBXSourcesBuildPhase section */
		7ADC9EE92990435000AF7292 /* Sources */ = {
			isa = PBXSourcesBuildPhase;
			buildActionMask = 2147483647;
			files = (
				7ADC9EF52990435000AF7292 /* ViewController.swift in Sources */,
				7ADC9EF12990435000AF7292 /* AppDelegate.swift in Sources */,
				7ADC9EF32990435000AF7292 /* SceneDelegate.swift in Sources */,
			);
			runOnlyForDeploymentPostprocessing = 0;
		};
		7ADC9EFF2990435100AF7292 /* Sources */ = {
			isa = PBXSourcesBuildPhase;
			buildActionMask = 2147483647;
			files = (
				7ADC9F082990435100AF7292 /* DateAndTimePickerTests.swift in Sources */,
			);
			runOnlyForDeploymentPostprocessing = 0;
		};
		7ADC9F092990435100AF7292 /* Sources */ = {
			isa = PBXSourcesBuildPhase;
			buildActionMask = 2147483647;
			files = (
				7ADC9F122990435100AF7292 /* DateAndTimePickerUITests.swift in Sources */,
				7ADC9F142990435100AF7292 /* DateAndTimePickerUITestsLaunchTests.swift in Sources */,
			);
			runOnlyForDeploymentPostprocessing = 0;
		};
/* End PBXSourcesBuildPhase section */

/* Begin PBXTargetDependency section */
		7ADC9F052990435100AF7292 /* PBXTargetDependency */ = {
			isa = PBXTargetDependency;
			target = 7ADC9EEC2990435000AF7292 /* DateAndTimePicker */;
			targetProxy = 7ADC9F042990435100AF7292 /* PBXContainerItemProxy */;
		};
		7ADC9F0F2990435100AF7292 /* PBXTargetDependency */ = {
			isa = PBXTargetDependency;
			target = 7ADC9EEC2990435000AF7292 /* DateAndTimePicker */;
			targetProxy = 7ADC9F0E2990435100AF7292 /* PBXContainerItemProxy */;
		};
/* End PBXTargetDependency section */

/* Begin PBXVariantGroup section */
		7ADC9EF62990435000AF7292 /* Main.storyboard */ = {
			isa = PBXVariantGroup;
			children = (
				7ADC9EF72990435000AF7292 /* Base */,
			);
			name = Main.storyboard;
			sourceTree = "<group>";
		};
		7ADC9EFB2990435100AF7292 /* LaunchScreen.storyboard */ = {
			isa = PBXVariantGroup;
			children = (
				7ADC9EFC2990435100AF7292 /* Base */,
			);
			name = LaunchScreen.storyboard;
			sourceTree = "<group>";
		};
/* End PBXVariantGroup section */

/* Begin XCBuildConfiguration section */
		7ADC9F152990435100AF7292 /* Debug */ = {
			isa = XCBuildConfiguration;
			buildSettings = {
				ALWAYS_SEARCH_USER_PATHS = NO;
				CLANG_ANALYZER_NONNULL = YES;
				CLANG_ANALYZER_NUMBER_OBJECT_CONVERSION = YES_AGGRESSIVE;
				CLANG_CXX_LANGUAGE_STANDARD = "gnu++20";
				CLANG_ENABLE_MODULES = YES;
				CLANG_ENABLE_OBJC_ARC = YES;
				CLANG_ENABLE_OBJC_WEAK = YES;
				CLANG_WARN_BLOCK_CAPTURE_AUTORELEASING = YES;
				CLANG_WARN_BOOL_CONVERSION = YES;
				CLANG_WARN_COMMA = YES;
				CLANG_WARN_CONSTANT_CONVERSION = YES;
				CLANG_WARN_DEPRECATED_OBJC_IMPLEMENTATIONS = YES;
				CLANG_WARN_DIRECT_OBJC_ISA_USAGE = YES_ERROR;
				CLANG_WARN_DOCUMENTATION_COMMENTS = YES;
				CLANG_WARN_EMPTY_BODY = YES;
				CLANG_WARN_ENUM_CONVERSION = YES;
				CLANG_WARN_INFINITE_RECURSION = YES;
				CLANG_WARN_INT_CONVERSION = YES;
				CLANG_WARN_NON_LITERAL_NULL_CONVERSION = YES;
				CLANG_WARN_OBJC_IMPLICIT_RETAIN_SELF = YES;
				CLANG_WARN_OBJC_LITERAL_CONVERSION = YES;
				CLANG_WARN_OBJC_ROOT_CLASS = YES_ERROR;
				CLANG_WARN_QUOTED_INCLUDE_IN_FRAMEWORK_HEADER = YES;
				CLANG_WARN_RANGE_LOOP_ANALYSIS = YES;
				CLANG_WARN_STRICT_PROTOTYPES = YES;
				CLANG_WARN_SUSPICIOUS_MOVE = YES;
				CLANG_WARN_UNGUARDED_AVAILABILITY = YES_AGGRESSIVE;
				CLANG_WARN_UNREACHABLE_CODE = YES;
				CLANG_WARN__DUPLICATE_METHOD_MATCH = YES;
				COPY_PHASE_STRIP = NO;
				DEBUG_INFORMATION_FORMAT = dwarf;
				ENABLE_STRICT_OBJC_MSGSEND = YES;
				ENABLE_TESTABILITY = YES;
				GCC_C_LANGUAGE_STANDARD = gnu11;
				GCC_DYNAMIC_NO_PIC = NO;
				GCC_NO_COMMON_BLOCKS = YES;
				GCC_OPTIMIZATION_LEVEL = 0;
				GCC_PREPROCESSOR_DEFINITIONS = (
					"DEBUG=1",
					"$(inherited)",
				);
				GCC_WARN_64_TO_32_BIT_CONVERSION = YES;
				GCC_WARN_ABOUT_RETURN_TYPE = YES_ERROR;
				GCC_WARN_UNDECLARED_SELECTOR = YES;
				GCC_WARN_UNINITIALIZED_AUTOS = YES_AGGRESSIVE;
				GCC_WARN_UNUSED_FUNCTION = YES;
				GCC_WARN_UNUSED_VARIABLE = YES;
				IPHONEOS_DEPLOYMENT_TARGET = 16.2;
				MTL_ENABLE_DEBUG_INFO = INCLUDE_SOURCE;
				MTL_FAST_MATH = YES;
				ONLY_ACTIVE_ARCH = YES;
				SDKROOT = iphoneos;
				SWIFT_ACTIVE_COMPILATION_CONDITIONS = DEBUG;
				SWIFT_OPTIMIZATION_LEVEL = "-Onone";
			};
			name = Debug;
		};
		7ADC9F162990435100AF7292 /* Release */ = {
			isa = XCBuildConfiguration;
			buildSettings = {
				ALWAYS_SEARCH_USER_PATHS = NO;
				CLANG_ANALYZER_NONNULL = YES;
				CLANG_ANALYZER_NUMBER_OBJECT_CONVERSION = YES_AGGRESSIVE;
				CLANG_CXX_LANGUAGE_STANDARD = "gnu++20";
				CLANG_ENABLE_MODULES = YES;
				CLANG_ENABLE_OBJC_ARC = YES;
				CLANG_ENABLE_OBJC_WEAK = YES;
				CLANG_WARN_BLOCK_CAPTURE_AUTORELEASING = YES;
				CLANG_WARN_BOOL_CONVERSION = YES;
				CLANG_WARN_COMMA = YES;
				CLANG_WARN_CONSTANT_CONVERSION = YES;
				CLANG_WARN_DEPRECATED_OBJC_IMPLEMENTATIONS = YES;
				CLANG_WARN_DIRECT_OBJC_ISA_USAGE = YES_ERROR;
				CLANG_WARN_DOCUMENTATION_COMMENTS = YES;
				CLANG_WARN_EMPTY_BODY = YES;
				CLANG_WARN_ENUM_CONVERSION = YES;
				CLANG_WARN_INFINITE_RECURSION = YES;
				CLANG_WARN_INT_CONVERSION = YES;
				CLANG_WARN_NON_LITERAL_NULL_CONVERSION = YES;
				CLANG_WARN_OBJC_IMPLICIT_RETAIN_SELF = YES;
				CLANG_WARN_OBJC_LITERAL_CONVERSION = YES;
				CLANG_WARN_OBJC_ROOT_CLASS = YES_ERROR;
				CLANG_WARN_QUOTED_INCLUDE_IN_FRAMEWORK_HEADER = YES;
				CLANG_WARN_RANGE_LOOP_ANALYSIS = YES;
				CLANG_WARN_STRICT_PROTOTYPES = YES;
				CLANG_WARN_SUSPICIOUS_MOVE = YES;
				CLANG_WARN_UNGUARDED_AVAILABILITY = YES_AGGRESSIVE;
				CLANG_WARN_UNREACHABLE_CODE = YES;
				CLANG_WARN__DUPLICATE_METHOD_MATCH = YES;
				COPY_PHASE_STRIP = NO;
				DEBUG_INFORMATION_FORMAT = "dwarf-with-dsym";
				ENABLE_NS_ASSERTIONS = NO;
				ENABLE_STRICT_OBJC_MSGSEND = YES;
				GCC_C_LANGUAGE_STANDARD = gnu11;
				GCC_NO_COMMON_BLOCKS = YES;
				GCC_WARN_64_TO_32_BIT_CONVERSION = YES;
				GCC_WARN_ABOUT_RETURN_TYPE = YES_ERROR;
				GCC_WARN_UNDECLARED_SELECTOR = YES;
				GCC_WARN_UNINITIALIZED_AUTOS = YES_AGGRESSIVE;
				GCC_WARN_UNUSED_FUNCTION = YES;
				GCC_WARN_UNUSED_VARIABLE = YES;
				IPHONEOS_DEPLOYMENT_TARGET = 16.2;
				MTL_ENABLE_DEBUG_INFO = NO;
				MTL_FAST_MATH = YES;
				SDKROOT = iphoneos;
				SWIFT_COMPILATION_MODE = wholemodule;
				SWIFT_OPTIMIZATION_LEVEL = "-O";
				VALIDATE_PRODUCT = YES;
			};
			name = Release;
		};
		7ADC9F182990435100AF7292 /* Debug */ = {
			isa = XCBuildConfiguration;
			buildSettings = {
				ASSETCATALOG_COMPILER_APPICON_NAME = AppIcon;
				ASSETCATALOG_COMPILER_GLOBAL_ACCENT_COLOR_NAME = AccentColor;
				CODE_SIGN_STYLE = Automatic;
				CURRENT_PROJECT_VERSION = 1;
				GENERATE_INFOPLIST_FILE = YES;
				INFOPLIST_FILE = DateAndTimePicker/Info.plist;
				INFOPLIST_KEY_UIApplicationSupportsIndirectInputEvents = YES;
				INFOPLIST_KEY_UILaunchStoryboardName = LaunchScreen;
				INFOPLIST_KEY_UIMainStoryboardFile = Main;
				INFOPLIST_KEY_UISupportedInterfaceOrientations_iPad = "UIInterfaceOrientationPortrait UIInterfaceOrientationPortraitUpsideDown UIInterfaceOrientationLandscapeLeft UIInterfaceOrientationLandscapeRight";
				INFOPLIST_KEY_UISupportedInterfaceOrientations_iPhone = "UIInterfaceOrientationPortrait UIInterfaceOrientationLandscapeLeft UIInterfaceOrientationLandscapeRight";
				LD_RUNPATH_SEARCH_PATHS = (
					"$(inherited)",
					"@executable_path/Frameworks",
				);
				MARKETING_VERSION = 1.0;
				PRODUCT_BUNDLE_IDENTIFIER = com.ercelserhat.DateAndTimePicker;
				PRODUCT_NAME = "$(TARGET_NAME)";
				SWIFT_EMIT_LOC_STRINGS = YES;
				SWIFT_VERSION = 5.0;
				TARGETED_DEVICE_FAMILY = "1,2";
			};
			name = Debug;
		};
		7ADC9F192990435100AF7292 /* Release */ = {
			isa = XCBuildConfiguration;
			buildSettings = {
				ASSETCATALOG_COMPILER_APPICON_NAME = AppIcon;
				ASSETCATALOG_COMPILER_GLOBAL_ACCENT_COLOR_NAME = AccentColor;
				CODE_SIGN_STYLE = Automatic;
				CURRENT_PROJECT_VERSION = 1;
				GENERATE_INFOPLIST_FILE = YES;
				INFOPLIST_FILE = DateAndTimePicker/Info.plist;
				INFOPLIST_KEY_UIApplicationSupportsIndirectInputEvents = YES;
				INFOPLIST_KEY_UILaunchStoryboardName = LaunchScreen;
				INFOPLIST_KEY_UIMainStoryboardFile = Main;
				INFOPLIST_KEY_UISupportedInterfaceOrientations_iPad = "UIInterfaceOrientationPortrait UIInterfaceOrientationPortraitUpsideDown UIInterfaceOrientationLandscapeLeft UIInterfaceOrientationLandscapeRight";
				INFOPLIST_KEY_UISupportedInterfaceOrientations_iPhone = "UIInterfaceOrientationPortrait UIInterfaceOrientationLandscapeLeft UIInterfaceOrientationLandscapeRight";
				LD_RUNPATH_SEARCH_PATHS = (
					"$(inherited)",
					"@executable_path/Frameworks",
				);
				MARKETING_VERSION = 1.0;
				PRODUCT_BUNDLE_IDENTIFIER = com.ercelserhat.DateAndTimePicker;
				PRODUCT_NAME = "$(TARGET_NAME)";
				SWIFT_EMIT_LOC_STRINGS = YES;
				SWIFT_VERSION = 5.0;
				TARGETED_DEVICE_FAMILY = "1,2";
			};
			name = Release;
		};
		7ADC9F1B2990435100AF7292 /* Debug */ = {
			isa = XCBuildConfiguration;
			buildSettings = {
				ALWAYS_EMBED_SWIFT_STANDARD_LIBRARIES = YES;
				BUNDLE_LOADER = "$(TEST_HOST)";
				CODE_SIGN_STYLE = Automatic;
				CURRENT_PROJECT_VERSION = 1;
				GENERATE_INFOPLIST_FILE = YES;
				IPHONEOS_DEPLOYMENT_TARGET = 16.2;
				MARKETING_VERSION = 1.0;
				PRODUCT_BUNDLE_IDENTIFIER = com.ercelserhat.DateAndTimePickerTests;
				PRODUCT_NAME = "$(TARGET_NAME)";
				SWIFT_EMIT_LOC_STRINGS = NO;
				SWIFT_VERSION = 5.0;
				TARGETED_DEVICE_FAMILY = "1,2";
				TEST_HOST = "$(BUILT_PRODUCTS_DIR)/DateAndTimePicker.app/$(BUNDLE_EXECUTABLE_FOLDER_PATH)/DateAndTimePicker";
			};
			name = Debug;
		};
		7ADC9F1C2990435100AF7292 /* Release */ = {
			isa = XCBuildConfiguration;
			buildSettings = {
				ALWAYS_EMBED_SWIFT_STANDARD_LIBRARIES = YES;
				BUNDLE_LOADER = "$(TEST_HOST)";
				CODE_SIGN_STYLE = Automatic;
				CURRENT_PROJECT_VERSION = 1;
				GENERATE_INFOPLIST_FILE = YES;
				IPHONEOS_DEPLOYMENT_TARGET = 16.2;
				MARKETING_VERSION = 1.0;
				PRODUCT_BUNDLE_IDENTIFIER = com.ercelserhat.DateAndTimePickerTests;
				PRODUCT_NAME = "$(TARGET_NAME)";
				SWIFT_EMIT_LOC_STRINGS = NO;
				SWIFT_VERSION = 5.0;
				TARGETED_DEVICE_FAMILY = "1,2";
				TEST_HOST = "$(BUILT_PRODUCTS_DIR)/DateAndTimePicker.app/$(BUNDLE_EXECUTABLE_FOLDER_PATH)/DateAndTimePicker";
			};
			name = Release;
		};
		7ADC9F1E2990435100AF7292 /* Debug */ = {
			isa = XCBuildConfiguration;
			buildSettings = {
				ALWAYS_EMBED_SWIFT_STANDARD_LIBRARIES = YES;
				CODE_SIGN_STYLE = Automatic;
				CURRENT_PROJECT_VERSION = 1;
				GENERATE_INFOPLIST_FILE = YES;
				MARKETING_VERSION = 1.0;
				PRODUCT_BUNDLE_IDENTIFIER = com.ercelserhat.DateAndTimePickerUITests;
				PRODUCT_NAME = "$(TARGET_NAME)";
				SWIFT_EMIT_LOC_STRINGS = NO;
				SWIFT_VERSION = 5.0;
				TARGETED_DEVICE_FAMILY = "1,2";
				TEST_TARGET_NAME = DateAndTimePicker;
			};
			name = Debug;
		};
		7ADC9F1F2990435100AF7292 /* Release */ = {
			isa = XCBuildConfiguration;
			buildSettings = {
				ALWAYS_EMBED_SWIFT_STANDARD_LIBRARIES = YES;
				CODE_SIGN_STYLE = Automatic;
				CURRENT_PROJECT_VERSION = 1;
				GENERATE_INFOPLIST_FILE = YES;
				MARKETING_VERSION = 1.0;
				PRODUCT_BUNDLE_IDENTIFIER = com.ercelserhat.DateAndTimePickerUITests;
				PRODUCT_NAME = "$(TARGET_NAME)";
				SWIFT_EMIT_LOC_STRINGS = NO;
				SWIFT_VERSION = 5.0;
				TARGETED_DEVICE_FAMILY = "1,2";
				TEST_TARGET_NAME = DateAndTimePicker;
			};
			name = Release;
		};
/* End XCBuildConfiguration section */

/* Begin XCConfigurationList section */
		7ADC9EE82990435000AF7292 /* Build configuration list for PBXProject "DateAndTimePicker" */ = {
			isa = XCConfigurationList;
			buildConfigurations = (
				7ADC9F152990435100AF7292 /* Debug */,
				7ADC9F162990435100AF7292 /* Release */,
			);
			defaultConfigurationIsVisible = 0;
			defaultConfigurationName = Release;
		};
		7ADC9F172990435100AF7292 /* Build configuration list for PBXNativeTarget "DateAndTimePicker" */ = {
			isa = XCConfigurationList;
			buildConfigurations = (
				7ADC9F182990435100AF7292 /* Debug */,
				7ADC9F192990435100AF7292 /* Release */,
			);
			defaultConfigurationIsVisible = 0;
			defaultConfigurationName = Release;
		};
		7ADC9F1A2990435100AF7292 /* Build configuration list for PBXNativeTarget "DateAndTimePickerTests" */ = {
			isa = XCConfigurationList;
			buildConfigurations = (
				7ADC9F1B2990435100AF7292 /* Debug */,
				7ADC9F1C2990435100AF7292 /* Release */,
			);
			defaultConfigurationIsVisible = 0;
			defaultConfigurationName = Release;
		};
		7ADC9F1D2990435100AF7292 /* Build configuration list for PBXNativeTarget "DateAndTimePickerUITests" */ = {
			isa = XCConfigurationList;
			buildConfigurations = (
				7ADC9F1E2990435100AF7292 /* Debug */,
				7ADC9F1F2990435100AF7292 /* Release */,
			);
			defaultConfigurationIsVisible = 0;
			defaultConfigurationName = Release;
		};
/* End XCConfigurationList section */
	};
	rootObject = 7ADC9EE52990435000AF7292 /* Project object */;
}
