// !$*UTF8*$!
{
	archiveVersion = 1;
	classes = {
	};
	objectVersion = 56;
	objects = {

/* Begin PBXBuildFile section */
		7A2D682C2A79A17F006A3C9C /* AppDelegate.swift in Sources */ = {isa = PBXBuildFile; fileRef = 7A2D682B2A79A17F006A3C9C /* AppDelegate.swift */; };
		7A2D682E2A79A17F006A3C9C /* SceneDelegate.swift in Sources */ = {isa = PBXBuildFile; fileRef = 7A2D682D2A79A17F006A3C9C /* SceneDelegate.swift */; };
		7A2D68302A79A17F006A3C9C /* ViewController.swift in Sources */ = {isa = PBXBuildFile; fileRef = 7A2D682F2A79A17F006A3C9C /* ViewController.swift */; };
		7A2D68332A79A17F006A3C9C /* Main.storyboard in Resources */ = {isa = PBXBuildFile; fileRef = 7A2D68312A79A17F006A3C9C /* Main.storyboard */; };
		7A2D68352A79A17F006A3C9C /* Assets.xcassets in Resources */ = {isa = PBXBuildFile; fileRef = 7A2D68342A79A17F006A3C9C /* Assets.xcassets */; };
		7A2D68382A79A17F006A3C9C /* LaunchScreen.storyboard in Resources */ = {isa = PBXBuildFile; fileRef = 7A2D68362A79A17F006A3C9C /* LaunchScreen.storyboard */; };
		7A2D68462A7A37A6006A3C9C /* Protocols.swift in Sources */ = {isa = PBXBuildFile; fileRef = 7A2D68452A7A37A6006A3C9C /* Protocols.swift */; };
		7A2D68482A7A37AD006A3C9C /* Router.swift in Sources */ = {isa = PBXBuildFile; fileRef = 7A2D68472A7A37AD006A3C9C /* Router.swift */; };
		7A2D684A2A7A37BA006A3C9C /* Interactor.swift in Sources */ = {isa = PBXBuildFile; fileRef = 7A2D68492A7A37BA006A3C9C /* Interactor.swift */; };
		7A2D684C2A7A37C9006A3C9C /* Presenter.swift in Sources */ = {isa = PBXBuildFile; fileRef = 7A2D684B2A7A37C9006A3C9C /* Presenter.swift */; };
/* End PBXBuildFile section */

/* Begin PBXFileReference section */
		7A2D68282A79A17F006A3C9C /* ViperPatternKullanimi.app */ = {isa = PBXFileReference; explicitFileType = wrapper.application; includeInIndex = 0; path = ViperPatternKullanimi.app; sourceTree = BUILT_PRODUCTS_DIR; };
		7A2D682B2A79A17F006A3C9C /* AppDelegate.swift */ = {isa = PBXFileReference; lastKnownFileType = sourcecode.swift; path = AppDelegate.swift; sourceTree = "<group>"; };
		7A2D682D2A79A17F006A3C9C /* SceneDelegate.swift */ = {isa = PBXFileReference; lastKnownFileType = sourcecode.swift; path = SceneDelegate.swift; sourceTree = "<group>"; };
		7A2D682F2A79A17F006A3C9C /* ViewController.swift */ = {isa = PBXFileReference; lastKnownFileType = sourcecode.swift; path = ViewController.swift; sourceTree = "<group>"; };
		7A2D68322A79A17F006A3C9C /* Base */ = {isa = PBXFileReference; lastKnownFileType = file.storyboard; name = Base; path = Base.lproj/Main.storyboard; sourceTree = "<group>"; };
		7A2D68342A79A17F006A3C9C /* Assets.xcassets */ = {isa = PBXFileReference; lastKnownFileType = folder.assetcatalog; path = Assets.xcassets; sourceTree = "<group>"; };
		7A2D68372A79A17F006A3C9C /* Base */ = {isa = PBXFileReference; lastKnownFileType = file.storyboard; name = Base; path = Base.lproj/LaunchScreen.storyboard; sourceTree = "<group>"; };
		7A2D68392A79A17F006A3C9C /* Info.plist */ = {isa = PBXFileReference; lastKnownFileType = text.plist.xml; path = Info.plist; sourceTree = "<group>"; };
		7A2D68452A7A37A6006A3C9C /* Protocols.swift */ = {isa = PBXFileReference; lastKnownFileType = sourcecode.swift; path = Protocols.swift; sourceTree = "<group>"; };
		7A2D68472A7A37AD006A3C9C /* Router.swift */ = {isa = PBXFileReference; lastKnownFileType = sourcecode.swift; path = Router.swift; sourceTree = "<group>"; };
		7A2D68492A7A37BA006A3C9C /* Interactor.swift */ = {isa = PBXFileReference; lastKnownFileType = sourcecode.swift; path = Interactor.swift; sourceTree = "<group>"; };
		7A2D684B2A7A37C9006A3C9C /* Presenter.swift */ = {isa = PBXFileReference; lastKnownFileType = sourcecode.swift; path = Presenter.swift; sourceTree = "<group>"; };
/* End PBXFileReference section */

/* Begin PBXFrameworksBuildPhase section */
		7A2D68252A79A17F006A3C9C /* Frameworks */ = {
			isa = PBXFrameworksBuildPhase;
			buildActionMask = 2147483647;
			files = (
			);
			runOnlyForDeploymentPostprocessing = 0;
		};
/* End PBXFrameworksBuildPhase section */

/* Begin PBXGroup section */
		7A2D681F2A79A17F006A3C9C = {
			isa = PBXGroup;
			children = (
				7A2D682A2A79A17F006A3C9C /* ViperPatternKullanimi */,
				7A2D68292A79A17F006A3C9C /* Products */,
			);
			sourceTree = "<group>";
		};
		7A2D68292A79A17F006A3C9C /* Products */ = {
			isa = PBXGroup;
			children = (
				7A2D68282A79A17F006A3C9C /* ViperPatternKullanimi.app */,
			);
			name = Products;
			sourceTree = "<group>";
		};
		7A2D682A2A79A17F006A3C9C /* ViperPatternKullanimi */ = {
			isa = PBXGroup;
			children = (
				7A2D682B2A79A17F006A3C9C /* AppDelegate.swift */,
				7A2D682D2A79A17F006A3C9C /* SceneDelegate.swift */,
				7A2D683F2A7A374B006A3C9C /* anasayfa-module */,
				7A2D68312A79A17F006A3C9C /* Main.storyboard */,
				7A2D68342A79A17F006A3C9C /* Assets.xcassets */,
				7A2D68362A79A17F006A3C9C /* LaunchScreen.storyboard */,
				7A2D68392A79A17F006A3C9C /* Info.plist */,
			);
			path = ViperPatternKullanimi;
			sourceTree = "<group>";
		};
		7A2D683F2A7A374B006A3C9C /* anasayfa-module */ = {
			isa = PBXGroup;
			children = (
				7A2D68442A7A3788006A3C9C /* protocols */,
				7A2D68432A7A3783006A3C9C /* router */,
				7A2D68422A7A3772006A3C9C /* interactor */,
				7A2D68412A7A3761006A3C9C /* presenter */,
				7A2D68402A7A3758006A3C9C /* view */,
			);
			path = "anasayfa-module";
			sourceTree = "<group>";
		};
		7A2D68402A7A3758006A3C9C /* view */ = {
			isa = PBXGroup;
			children = (
				7A2D682F2A79A17F006A3C9C /* ViewController.swift */,
			);
			path = view;
			sourceTree = "<group>";
		};
		7A2D68412A7A3761006A3C9C /* presenter */ = {
			isa = PBXGroup;
			children = (
				7A2D684B2A7A37C9006A3C9C /* Presenter.swift */,
			);
			path = presenter;
			sourceTree = "<group>";
		};
		7A2D68422A7A3772006A3C9C /* interactor */ = {
			isa = PBXGroup;
			children = (
				7A2D68492A7A37BA006A3C9C /* Interactor.swift */,
			);
			path = interactor;
			sourceTree = "<group>";
		};
		7A2D68432A7A3783006A3C9C /* router */ = {
			isa = PBXGroup;
			children = (
				7A2D68472A7A37AD006A3C9C /* Router.swift */,
			);
			path = router;
			sourceTree = "<group>";
		};
		7A2D68442A7A3788006A3C9C /* protocols */ = {
			isa = PBXGroup;
			children = (
				7A2D68452A7A37A6006A3C9C /* Protocols.swift */,
			);
			path = protocols;
			sourceTree = "<group>";
		};
/* End PBXGroup section */

/* Begin PBXNativeTarget section */
		7A2D68272A79A17F006A3C9C /* ViperPatternKullanimi */ = {
			isa = PBXNativeTarget;
			buildConfigurationList = 7A2D683C2A79A17F006A3C9C /* Build configuration list for PBXNativeTarget "ViperPatternKullanimi" */;
			buildPhases = (
				7A2D68242A79A17F006A3C9C /* Sources */,
				7A2D68252A79A17F006A3C9C /* Frameworks */,
				7A2D68262A79A17F006A3C9C /* Resources */,
			);
			buildRules = (
			);
			dependencies = (
			);
			name = ViperPatternKullanimi;
			productName = ViperPatternKullanimi;
			productReference = 7A2D68282A79A17F006A3C9C /* ViperPatternKullanimi.app */;
			productType = "com.apple.product-type.application";
		};
/* End PBXNativeTarget section */

/* Begin PBXProject section */
		7A2D68202A79A17F006A3C9C /* Project object */ = {
			isa = PBXProject;
			attributes = {
				BuildIndependentTargetsInParallel = 1;
				LastSwiftUpdateCheck = 1430;
				LastUpgradeCheck = 1430;
				TargetAttributes = {
					7A2D68272A79A17F006A3C9C = {
						CreatedOnToolsVersion = 14.3.1;
					};
				};
			};
			buildConfigurationList = 7A2D68232A79A17F006A3C9C /* Build configuration list for PBXProject "ViperPatternKullanimi" */;
			compatibilityVersion = "Xcode 14.0";
			developmentRegion = en;
			hasScannedForEncodings = 0;
			knownRegions = (
				en,
				Base,
			);
			mainGroup = 7A2D681F2A79A17F006A3C9C;
			productRefGroup = 7A2D68292A79A17F006A3C9C /* Products */;
			projectDirPath = "";
			projectRoot = "";
			targets = (
				7A2D68272A79A17F006A3C9C /* ViperPatternKullanimi */,
			);
		};
/* End PBXProject section */

/* Begin PBXResourcesBuildPhase section */
		7A2D68262A79A17F006A3C9C /* Resources */ = {
			isa = PBXResourcesBuildPhase;
			buildActionMask = 2147483647;
			files = (
				7A2D68382A79A17F006A3C9C /* LaunchScreen.storyboard in Resources */,
				7A2D68352A79A17F006A3C9C /* Assets.xcassets in Resources */,
				7A2D68332A79A17F006A3C9C /* Main.storyboard in Resources */,
			);
			runOnlyForDeploymentPostprocessing = 0;
		};
/* End PBXResourcesBuildPhase section */

/* Begin PBXSourcesBuildPhase section */
		7A2D68242A79A17F006A3C9C /* Sources */ = {
			isa = PBXSourcesBuildPhase;
			buildActionMask = 2147483647;
			files = (
				7A2D684A2A7A37BA006A3C9C /* Interactor.swift in Sources */,
				7A2D684C2A7A37C9006A3C9C /* Presenter.swift in Sources */,
				7A2D68302A79A17F006A3C9C /* ViewController.swift in Sources */,
				7A2D682C2A79A17F006A3C9C /* AppDelegate.swift in Sources */,
				7A2D68482A7A37AD006A3C9C /* Router.swift in Sources */,
				7A2D682E2A79A17F006A3C9C /* SceneDelegate.swift in Sources */,
				7A2D68462A7A37A6006A3C9C /* Protocols.swift in Sources */,
			);
			runOnlyForDeploymentPostprocessing = 0;
		};
/* End PBXSourcesBuildPhase section */

/* Begin PBXVariantGroup section */
		7A2D68312A79A17F006A3C9C /* Main.storyboard */ = {
			isa = PBXVariantGroup;
			children = (
				7A2D68322A79A17F006A3C9C /* Base */,
			);
			name = Main.storyboard;
			sourceTree = "<group>";
		};
		7A2D68362A79A17F006A3C9C /* LaunchScreen.storyboard */ = {
			isa = PBXVariantGroup;
			children = (
				7A2D68372A79A17F006A3C9C /* Base */,
			);
			name = LaunchScreen.storyboard;
			sourceTree = "<group>";
		};
/* End PBXVariantGroup section */

/* Begin XCBuildConfiguration section */
		7A2D683A2A79A17F006A3C9C /* Debug */ = {
			isa = XCBuildConfiguration;
			buildSettings = {
				ALWAYS_SEARCH_USER_PATHS = NO;
				CLANG_ANALYZER_NONNULL = YES;
				CLANG_ANALYZER_NUMBER_OBJECT_CONVERSION = YES_AGGRESSIVE;
				CLANG_CXX_LANGUAGE_STANDARD = "gnu++20";
				CLANG_ENABLE_MODULES = YES;
				CLANG_ENABLE_OBJC_ARC = YES;
				CLANG_ENABLE_OBJC_WEAK = YES;
				CLANG_WARN_BLOCK_CAPTURE_AUTORELEASING = YES;
				CLANG_WARN_BOOL_CONVERSION = YES;
				CLANG_WARN_COMMA = YES;
				CLANG_WARN_CONSTANT_CONVERSION = YES;
				CLANG_WARN_DEPRECATED_OBJC_IMPLEMENTATIONS = YES;
				CLANG_WARN_DIRECT_OBJC_ISA_USAGE = YES_ERROR;
				CLANG_WARN_DOCUMENTATION_COMMENTS = YES;
				CLANG_WARN_EMPTY_BODY = YES;
				CLANG_WARN_ENUM_CONVERSION = YES;
				CLANG_WARN_INFINITE_RECURSION = YES;
				CLANG_WARN_INT_CONVERSION = YES;
				CLANG_WARN_NON_LITERAL_NULL_CONVERSION = YES;
				CLANG_WARN_OBJC_IMPLICIT_RETAIN_SELF = YES;
				CLANG_WARN_OBJC_LITERAL_CONVERSION = YES;
				CLANG_WARN_OBJC_ROOT_CLASS = YES_ERROR;
				CLANG_WARN_QUOTED_INCLUDE_IN_FRAMEWORK_HEADER = YES;
				CLANG_WARN_RANGE_LOOP_ANALYSIS = YES;
				CLANG_WARN_STRICT_PROTOTYPES = YES;
				CLANG_WARN_SUSPICIOUS_MOVE = YES;
				CLANG_WARN_UNGUARDED_AVAILABILITY = YES_AGGRESSIVE;
				CLANG_WARN_UNREACHABLE_CODE = YES;
				CLANG_WARN__DUPLICATE_METHOD_MATCH = YES;
				COPY_PHASE_STRIP = NO;
				DEBUG_INFORMATION_FORMAT = dwarf;
				ENABLE_STRICT_OBJC_MSGSEND = YES;
				ENABLE_TESTABILITY = YES;
				GCC_C_LANGUAGE_STANDARD = gnu11;
				GCC_DYNAMIC_NO_PIC = NO;
				GCC_NO_COMMON_BLOCKS = YES;
				GCC_OPTIMIZATION_LEVEL = 0;
				GCC_PREPROCESSOR_DEFINITIONS = (
					"DEBUG=1",
					"$(inherited)",
				);
				GCC_WARN_64_TO_32_BIT_CONVERSION = YES;
				GCC_WARN_ABOUT_RETURN_TYPE = YES_ERROR;
				GCC_WARN_UNDECLARED_SELECTOR = YES;
				GCC_WARN_UNINITIALIZED_AUTOS = YES_AGGRESSIVE;
				GCC_WARN_UNUSED_FUNCTION = YES;
				GCC_WARN_UNUSED_VARIABLE = YES;
				IPHONEOS_DEPLOYMENT_TARGET = 16.4;
				MTL_ENABLE_DEBUG_INFO = INCLUDE_SOURCE;
				MTL_FAST_MATH = YES;
				ONLY_ACTIVE_ARCH = YES;
				SDKROOT = iphoneos;
				SWIFT_ACTIVE_COMPILATION_CONDITIONS = DEBUG;
				SWIFT_OPTIMIZATION_LEVEL = "-Onone";
			};
			name = Debug;
		};
		7A2D683B2A79A17F006A3C9C /* Release */ = {
			isa = XCBuildConfiguration;
			buildSettings = {
				ALWAYS_SEARCH_USER_PATHS = NO;
				CLANG_ANALYZER_NONNULL = YES;
				CLANG_ANALYZER_NUMBER_OBJECT_CONVERSION = YES_AGGRESSIVE;
				CLANG_CXX_LANGUAGE_STANDARD = "gnu++20";
				CLANG_ENABLE_MODULES = YES;
				CLANG_ENABLE_OBJC_ARC = YES;
				CLANG_ENABLE_OBJC_WEAK = YES;
				CLANG_WARN_BLOCK_CAPTURE_AUTORELEASING = YES;
				CLANG_WARN_BOOL_CONVERSION = YES;
				CLANG_WARN_COMMA = YES;
				CLANG_WARN_CONSTANT_CONVERSION = YES;
				CLANG_WARN_DEPRECATED_OBJC_IMPLEMENTATIONS = YES;
				CLANG_WARN_DIRECT_OBJC_ISA_USAGE = YES_ERROR;
				CLANG_WARN_DOCUMENTATION_COMMENTS = YES;
				CLANG_WARN_EMPTY_BODY = YES;
				CLANG_WARN_ENUM_CONVERSION = YES;
				CLANG_WARN_INFINITE_RECURSION = YES;
				CLANG_WARN_INT_CONVERSION = YES;
				CLANG_WARN_NON_LITERAL_NULL_CONVERSION = YES;
				CLANG_WARN_OBJC_IMPLICIT_RETAIN_SELF = YES;
				CLANG_WARN_OBJC_LITERAL_CONVERSION = YES;
				CLANG_WARN_OBJC_ROOT_CLASS = YES_ERROR;
				CLANG_WARN_QUOTED_INCLUDE_IN_FRAMEWORK_HEADER = YES;
				CLANG_WARN_RANGE_LOOP_ANALYSIS = YES;
				CLANG_WARN_STRICT_PROTOTYPES = YES;
				CLANG_WARN_SUSPICIOUS_MOVE = YES;
				CLANG_WARN_UNGUARDED_AVAILABILITY = YES_AGGRESSIVE;
				CLANG_WARN_UNREACHABLE_CODE = YES;
				CLANG_WARN__DUPLICATE_METHOD_MATCH = YES;
				COPY_PHASE_STRIP = NO;
				DEBUG_INFORMATION_FORMAT = "dwarf-with-dsym";
				ENABLE_NS_ASSERTIONS = NO;
				ENABLE_STRICT_OBJC_MSGSEND = YES;
				GCC_C_LANGUAGE_STANDARD = gnu11;
				GCC_NO_COMMON_BLOCKS = YES;
				GCC_WARN_64_TO_32_BIT_CONVERSION = YES;
				GCC_WARN_ABOUT_RETURN_TYPE = YES_ERROR;
				GCC_WARN_UNDECLARED_SELECTOR = YES;
				GCC_WARN_UNINITIALIZED_AUTOS = YES_AGGRESSIVE;
				GCC_WARN_UNUSED_FUNCTION = YES;
				GCC_WARN_UNUSED_VARIABLE = YES;
				IPHONEOS_DEPLOYMENT_TARGET = 16.4;
				MTL_ENABLE_DEBUG_INFO = NO;
				MTL_FAST_MATH = YES;
				SDKROOT = iphoneos;
				SWIFT_COMPILATION_MODE = wholemodule;
				SWIFT_OPTIMIZATION_LEVEL = "-O";
				VALIDATE_PRODUCT = YES;
			};
			name = Release;
		};
		7A2D683D2A79A17F006A3C9C /* Debug */ = {
			isa = XCBuildConfiguration;
			buildSettings = {
				ASSETCATALOG_COMPILER_APPICON_NAME = AppIcon;
				ASSETCATALOG_COMPILER_GLOBAL_ACCENT_COLOR_NAME = AccentColor;
				CODE_SIGN_STYLE = Automatic;
				CURRENT_PROJECT_VERSION = 1;
				GENERATE_INFOPLIST_FILE = YES;
				INFOPLIST_FILE = ViperPatternKullanimi/Info.plist;
				INFOPLIST_KEY_UIApplicationSupportsIndirectInputEvents = YES;
				INFOPLIST_KEY_UILaunchStoryboardName = LaunchScreen;
				INFOPLIST_KEY_UIMainStoryboardFile = Main;
				INFOPLIST_KEY_UISupportedInterfaceOrientations_iPad = "UIInterfaceOrientationPortrait UIInterfaceOrientationPortraitUpsideDown UIInterfaceOrientationLandscapeLeft UIInterfaceOrientationLandscapeRight";
				INFOPLIST_KEY_UISupportedInterfaceOrientations_iPhone = "UIInterfaceOrientationPortrait UIInterfaceOrientationLandscapeLeft UIInterfaceOrientationLandscapeRight";
				LD_RUNPATH_SEARCH_PATHS = (
					"$(inherited)",
					"@executable_path/Frameworks",
				);
				MARKETING_VERSION = 1.0;
				PRODUCT_BUNDLE_IDENTIFIER = com.ercelserhat.ViperPatternKullanimi;
				PRODUCT_NAME = "$(TARGET_NAME)";
				SWIFT_EMIT_LOC_STRINGS = YES;
				SWIFT_VERSION = 5.0;
				TARGETED_DEVICE_FAMILY = "1,2";
			};
			name = Debug;
		};
		7A2D683E2A79A17F006A3C9C /* Release */ = {
			isa = XCBuildConfiguration;
			buildSettings = {
				ASSETCATALOG_COMPILER_APPICON_NAME = AppIcon;
				ASSETCATALOG_COMPILER_GLOBAL_ACCENT_COLOR_NAME = AccentColor;
				CODE_SIGN_STYLE = Automatic;
				CURRENT_PROJECT_VERSION = 1;
				GENERATE_INFOPLIST_FILE = YES;
				INFOPLIST_FILE = ViperPatternKullanimi/Info.plist;
				INFOPLIST_KEY_UIApplicationSupportsIndirectInputEvents = YES;
				INFOPLIST_KEY_UILaunchStoryboardName = LaunchScreen;
				INFOPLIST_KEY_UIMainStoryboardFile = Main;
				INFOPLIST_KEY_UISupportedInterfaceOrientations_iPad = "UIInterfaceOrientationPortrait UIInterfaceOrientationPortraitUpsideDown UIInterfaceOrientationLandscapeLeft UIInterfaceOrientationLandscapeRight";
				INFOPLIST_KEY_UISupportedInterfaceOrientations_iPhone = "UIInterfaceOrientationPortrait UIInterfaceOrientationLandscapeLeft UIInterfaceOrientationLandscapeRight";
				LD_RUNPATH_SEARCH_PATHS = (
					"$(inherited)",
					"@executable_path/Frameworks",
				);
				MARKETING_VERSION = 1.0;
				PRODUCT_BUNDLE_IDENTIFIER = com.ercelserhat.ViperPatternKullanimi;
				PRODUCT_NAME = "$(TARGET_NAME)";
				SWIFT_EMIT_LOC_STRINGS = YES;
				SWIFT_VERSION = 5.0;
				TARGETED_DEVICE_FAMILY = "1,2";
			};
			name = Release;
		};
/* End XCBuildConfiguration section */

/* Begin XCConfigurationList section */
		7A2D68232A79A17F006A3C9C /* Build configuration list for PBXProject "ViperPatternKullanimi" */ = {
			isa = XCConfigurationList;
			buildConfigurations = (
				7A2D683A2A79A17F006A3C9C /* Debug */,
				7A2D683B2A79A17F006A3C9C /* Release */,
			);
			defaultConfigurationIsVisible = 0;
			defaultConfigurationName = Release;
		};
		7A2D683C2A79A17F006A3C9C /* Build configuration list for PBXNativeTarget "ViperPatternKullanimi" */ = {
			isa = XCConfigurationList;
			buildConfigurations = (
				7A2D683D2A79A17F006A3C9C /* Debug */,
				7A2D683E2A79A17F006A3C9C /* Release */,
			);
			defaultConfigurationIsVisible = 0;
			defaultConfigurationName = Release;
		};
/* End XCConfigurationList section */
	};
	rootObject = 7A2D68202A79A17F006A3C9C /* Project object */;
}
