// !$*UTF8*$!
{
	archiveVersion = 1;
	classes = {
	};
	objectVersion = 56;
	objects = {

/* Begin PBXBuildFile section */
		7AA5051E29A2B7BC00873360 /* AppDelegate.swift in Sources */ = {isa = PBXBuildFile; fileRef = 7AA5051D29A2B7BC00873360 /* AppDelegate.swift */; };
		7AA5052029A2B7BC00873360 /* SceneDelegate.swift in Sources */ = {isa = PBXBuildFile; fileRef = 7AA5051F29A2B7BC00873360 /* SceneDelegate.swift */; };
		7AA5052229A2B7BC00873360 /* ViewController.swift in Sources */ = {isa = PBXBuildFile; fileRef = 7AA5052129A2B7BC00873360 /* ViewController.swift */; };
		7AA5052529A2B7BC00873360 /* Main.storyboard in Resources */ = {isa = PBXBuildFile; fileRef = 7AA5052329A2B7BC00873360 /* Main.storyboard */; };
		7AA5052729A2B7BD00873360 /* Assets.xcassets in Resources */ = {isa = PBXBuildFile; fileRef = 7AA5052629A2B7BD00873360 /* Assets.xcassets */; };
		7AA5052A29A2B7BD00873360 /* LaunchScreen.storyboard in Resources */ = {isa = PBXBuildFile; fileRef = 7AA5052829A2B7BD00873360 /* LaunchScreen.storyboard */; };
		7AA5053529A2B7BD00873360 /* TableView_DetailTests.swift in Sources */ = {isa = PBXBuildFile; fileRef = 7AA5053429A2B7BD00873360 /* TableView_DetailTests.swift */; };
		7AA5053F29A2B7BD00873360 /* TableView_DetailUITests.swift in Sources */ = {isa = PBXBuildFile; fileRef = 7AA5053E29A2B7BD00873360 /* TableView_DetailUITests.swift */; };
		7AA5054129A2B7BD00873360 /* TableView_DetailUITestsLaunchTests.swift in Sources */ = {isa = PBXBuildFile; fileRef = 7AA5054029A2B7BD00873360 /* TableView_DetailUITestsLaunchTests.swift */; };
		7AA5054E29A2BA2D00873360 /* YemekTableViewCell.swift in Sources */ = {isa = PBXBuildFile; fileRef = 7AA5054D29A2BA2D00873360 /* YemekTableViewCell.swift */; };
		7AA5055029A2BB6900873360 /* Yemekler.swift in Sources */ = {isa = PBXBuildFile; fileRef = 7AA5054F29A2BB6900873360 /* Yemekler.swift */; };
/* End PBXBuildFile section */

/* Begin PBXContainerItemProxy section */
		7AA5053129A2B7BD00873360 /* PBXContainerItemProxy */ = {
			isa = PBXContainerItemProxy;
			containerPortal = 7AA5051229A2B7BC00873360 /* Project object */;
			proxyType = 1;
			remoteGlobalIDString = 7AA5051929A2B7BC00873360;
			remoteInfo = "TableView Detail";
		};
		7AA5053B29A2B7BD00873360 /* PBXContainerItemProxy */ = {
			isa = PBXContainerItemProxy;
			containerPortal = 7AA5051229A2B7BC00873360 /* Project object */;
			proxyType = 1;
			remoteGlobalIDString = 7AA5051929A2B7BC00873360;
			remoteInfo = "TableView Detail";
		};
/* End PBXContainerItemProxy section */

/* Begin PBXFileReference section */
		7AA5051A29A2B7BC00873360 /* TableView Detail.app */ = {isa = PBXFileReference; explicitFileType = wrapper.application; includeInIndex = 0; path = "TableView Detail.app"; sourceTree = BUILT_PRODUCTS_DIR; };
		7AA5051D29A2B7BC00873360 /* AppDelegate.swift */ = {isa = PBXFileReference; lastKnownFileType = sourcecode.swift; path = AppDelegate.swift; sourceTree = "<group>"; };
		7AA5051F29A2B7BC00873360 /* SceneDelegate.swift */ = {isa = PBXFileReference; lastKnownFileType = sourcecode.swift; path = SceneDelegate.swift; sourceTree = "<group>"; };
		7AA5052129A2B7BC00873360 /* ViewController.swift */ = {isa = PBXFileReference; lastKnownFileType = sourcecode.swift; path = ViewController.swift; sourceTree = "<group>"; };
		7AA5052429A2B7BC00873360 /* Base */ = {isa = PBXFileReference; lastKnownFileType = file.storyboard; name = Base; path = Base.lproj/Main.storyboard; sourceTree = "<group>"; };
		7AA5052629A2B7BD00873360 /* Assets.xcassets */ = {isa = PBXFileReference; lastKnownFileType = folder.assetcatalog; path = Assets.xcassets; sourceTree = "<group>"; };
		7AA5052929A2B7BD00873360 /* Base */ = {isa = PBXFileReference; lastKnownFileType = file.storyboard; name = Base; path = Base.lproj/LaunchScreen.storyboard; sourceTree = "<group>"; };
		7AA5052B29A2B7BD00873360 /* Info.plist */ = {isa = PBXFileReference; lastKnownFileType = text.plist.xml; path = Info.plist; sourceTree = "<group>"; };
		7AA5053029A2B7BD00873360 /* TableView DetailTests.xctest */ = {isa = PBXFileReference; explicitFileType = wrapper.cfbundle; includeInIndex = 0; path = "TableView DetailTests.xctest"; sourceTree = BUILT_PRODUCTS_DIR; };
		7AA5053429A2B7BD00873360 /* TableView_DetailTests.swift */ = {isa = PBXFileReference; lastKnownFileType = sourcecode.swift; path = TableView_DetailTests.swift; sourceTree = "<group>"; };
		7AA5053A29A2B7BD00873360 /* TableView DetailUITests.xctest */ = {isa = PBXFileReference; explicitFileType = wrapper.cfbundle; includeInIndex = 0; path = "TableView DetailUITests.xctest"; sourceTree = BUILT_PRODUCTS_DIR; };
		7AA5053E29A2B7BD00873360 /* TableView_DetailUITests.swift */ = {isa = PBXFileReference; lastKnownFileType = sourcecode.swift; path = TableView_DetailUITests.swift; sourceTree = "<group>"; };
		7AA5054029A2B7BD00873360 /* TableView_DetailUITestsLaunchTests.swift */ = {isa = PBXFileReference; lastKnownFileType = sourcecode.swift; path = TableView_DetailUITestsLaunchTests.swift; sourceTree = "<group>"; };
		7AA5054D29A2BA2D00873360 /* YemekTableViewCell.swift */ = {isa = PBXFileReference; lastKnownFileType = sourcecode.swift; path = YemekTableViewCell.swift; sourceTree = "<group>"; };
		7AA5054F29A2BB6900873360 /* Yemekler.swift */ = {isa = PBXFileReference; lastKnownFileType = sourcecode.swift; path = Yemekler.swift; sourceTree = "<group>"; };
/* End PBXFileReference section */

/* Begin PBXFrameworksBuildPhase section */
		7AA5051729A2B7BC00873360 /* Frameworks */ = {
			isa = PBXFrameworksBuildPhase;
			buildActionMask = 2147483647;
			files = (
			);
			runOnlyForDeploymentPostprocessing = 0;
		};
		7AA5052D29A2B7BD00873360 /* Frameworks */ = {
			isa = PBXFrameworksBuildPhase;
			buildActionMask = 2147483647;
			files = (
			);
			runOnlyForDeploymentPostprocessing = 0;
		};
		7AA5053729A2B7BD00873360 /* Frameworks */ = {
			isa = PBXFrameworksBuildPhase;
			buildActionMask = 2147483647;
			files = (
			);
			runOnlyForDeploymentPostprocessing = 0;
		};
/* End PBXFrameworksBuildPhase section */

/* Begin PBXGroup section */
		7AA5051129A2B7BC00873360 = {
			isa = PBXGroup;
			children = (
				7AA5051C29A2B7BC00873360 /* TableView Detail */,
				7AA5053329A2B7BD00873360 /* TableView DetailTests */,
				7AA5053D29A2B7BD00873360 /* TableView DetailUITests */,
				7AA5051B29A2B7BC00873360 /* Products */,
			);
			sourceTree = "<group>";
		};
		7AA5051B29A2B7BC00873360 /* Products */ = {
			isa = PBXGroup;
			children = (
				7AA5051A29A2B7BC00873360 /* TableView Detail.app */,
				7AA5053029A2B7BD00873360 /* TableView DetailTests.xctest */,
				7AA5053A29A2B7BD00873360 /* TableView DetailUITests.xctest */,
			);
			name = Products;
			sourceTree = "<group>";
		};
		7AA5051C29A2B7BC00873360 /* TableView Detail */ = {
			isa = PBXGroup;
			children = (
				7AA5051D29A2B7BC00873360 /* AppDelegate.swift */,
				7AA5051F29A2B7BC00873360 /* SceneDelegate.swift */,
				7AA5052129A2B7BC00873360 /* ViewController.swift */,
				7AA5052329A2B7BC00873360 /* Main.storyboard */,
				7AA5052629A2B7BD00873360 /* Assets.xcassets */,
				7AA5052829A2B7BD00873360 /* LaunchScreen.storyboard */,
				7AA5052B29A2B7BD00873360 /* Info.plist */,
				7AA5054D29A2BA2D00873360 /* YemekTableViewCell.swift */,
				7AA5054F29A2BB6900873360 /* Yemekler.swift */,
			);
			path = "TableView Detail";
			sourceTree = "<group>";
		};
		7AA5053329A2B7BD00873360 /* TableView DetailTests */ = {
			isa = PBXGroup;
			children = (
				7AA5053429A2B7BD00873360 /* TableView_DetailTests.swift */,
			);
			path = "TableView DetailTests";
			sourceTree = "<group>";
		};
		7AA5053D29A2B7BD00873360 /* TableView DetailUITests */ = {
			isa = PBXGroup;
			children = (
				7AA5053E29A2B7BD00873360 /* TableView_DetailUITests.swift */,
				7AA5054029A2B7BD00873360 /* TableView_DetailUITestsLaunchTests.swift */,
			);
			path = "TableView DetailUITests";
			sourceTree = "<group>";
		};
/* End PBXGroup section */

/* Begin PBXNativeTarget section */
		7AA5051929A2B7BC00873360 /* TableView Detail */ = {
			isa = PBXNativeTarget;
			buildConfigurationList = 7AA5054429A2B7BD00873360 /* Build configuration list for PBXNativeTarget "TableView Detail" */;
			buildPhases = (
				7AA5051629A2B7BC00873360 /* Sources */,
				7AA5051729A2B7BC00873360 /* Frameworks */,
				7AA5051829A2B7BC00873360 /* Resources */,
			);
			buildRules = (
			);
			dependencies = (
			);
			name = "TableView Detail";
			productName = "TableView Detail";
			productReference = 7AA5051A29A2B7BC00873360 /* TableView Detail.app */;
			productType = "com.apple.product-type.application";
		};
		7AA5052F29A2B7BD00873360 /* TableView DetailTests */ = {
			isa = PBXNativeTarget;
			buildConfigurationList = 7AA5054729A2B7BD00873360 /* Build configuration list for PBXNativeTarget "TableView DetailTests" */;
			buildPhases = (
				7AA5052C29A2B7BD00873360 /* Sources */,
				7AA5052D29A2B7BD00873360 /* Frameworks */,
				7AA5052E29A2B7BD00873360 /* Resources */,
			);
			buildRules = (
			);
			dependencies = (
				7AA5053229A2B7BD00873360 /* PBXTargetDependency */,
			);
			name = "TableView DetailTests";
			productName = "TableView DetailTests";
			productReference = 7AA5053029A2B7BD00873360 /* TableView DetailTests.xctest */;
			productType = "com.apple.product-type.bundle.unit-test";
		};
		7AA5053929A2B7BD00873360 /* TableView DetailUITests */ = {
			isa = PBXNativeTarget;
			buildConfigurationList = 7AA5054A29A2B7BD00873360 /* Build configuration list for PBXNativeTarget "TableView DetailUITests" */;
			buildPhases = (
				7AA5053629A2B7BD00873360 /* Sources */,
				7AA5053729A2B7BD00873360 /* Frameworks */,
				7AA5053829A2B7BD00873360 /* Resources */,
			);
			buildRules = (
			);
			dependencies = (
				7AA5053C29A2B7BD00873360 /* PBXTargetDependency */,
			);
			name = "TableView DetailUITests";
			productName = "TableView DetailUITests";
			productReference = 7AA5053A29A2B7BD00873360 /* TableView DetailUITests.xctest */;
			productType = "com.apple.product-type.bundle.ui-testing";
		};
/* End PBXNativeTarget section */

/* Begin PBXProject section */
		7AA5051229A2B7BC00873360 /* Project object */ = {
			isa = PBXProject;
			attributes = {
				BuildIndependentTargetsInParallel = 1;
				LastSwiftUpdateCheck = 1420;
				LastUpgradeCheck = 1420;
				TargetAttributes = {
					7AA5051929A2B7BC00873360 = {
						CreatedOnToolsVersion = 14.2;
					};
					7AA5052F29A2B7BD00873360 = {
						CreatedOnToolsVersion = 14.2;
						TestTargetID = 7AA5051929A2B7BC00873360;
					};
					7AA5053929A2B7BD00873360 = {
						CreatedOnToolsVersion = 14.2;
						TestTargetID = 7AA5051929A2B7BC00873360;
					};
				};
			};
			buildConfigurationList = 7AA5051529A2B7BC00873360 /* Build configuration list for PBXProject "TableView Detail" */;
			compatibilityVersion = "Xcode 14.0";
			developmentRegion = en;
			hasScannedForEncodings = 0;
			knownRegions = (
				en,
				Base,
			);
			mainGroup = 7AA5051129A2B7BC00873360;
			productRefGroup = 7AA5051B29A2B7BC00873360 /* Products */;
			projectDirPath = "";
			projectRoot = "";
			targets = (
				7AA5051929A2B7BC00873360 /* TableView Detail */,
				7AA5052F29A2B7BD00873360 /* TableView DetailTests */,
				7AA5053929A2B7BD00873360 /* TableView DetailUITests */,
			);
		};
/* End PBXProject section */

/* Begin PBXResourcesBuildPhase section */
		7AA5051829A2B7BC00873360 /* Resources */ = {
			isa = PBXResourcesBuildPhase;
			buildActionMask = 2147483647;
			files = (
				7AA5052A29A2B7BD00873360 /* LaunchScreen.storyboard in Resources */,
				7AA5052729A2B7BD00873360 /* Assets.xcassets in Resources */,
				7AA5052529A2B7BC00873360 /* Main.storyboard in Resources */,
			);
			runOnlyForDeploymentPostprocessing = 0;
		};
		7AA5052E29A2B7BD00873360 /* Resources */ = {
			isa = PBXResourcesBuildPhase;
			buildActionMask = 2147483647;
			files = (
			);
			runOnlyForDeploymentPostprocessing = 0;
		};
		7AA5053829A2B7BD00873360 /* Resources */ = {
			isa = PBXResourcesBuildPhase;
			buildActionMask = 2147483647;
			files = (
			);
			runOnlyForDeploymentPostprocessing = 0;
		};
/* End PBXResourcesBuildPhase section */

/* Begin PBXSourcesBuildPhase section */
		7AA5051629A2B7BC00873360 /* Sources */ = {
			isa = PBXSourcesBuildPhase;
			buildActionMask = 2147483647;
			files = (
				7AA5055029A2BB6900873360 /* Yemekler.swift in Sources */,
				7AA5052229A2B7BC00873360 /* ViewController.swift in Sources */,
				7AA5054E29A2BA2D00873360 /* YemekTableViewCell.swift in Sources */,
				7AA5051E29A2B7BC00873360 /* AppDelegate.swift in Sources */,
				7AA5052029A2B7BC00873360 /* SceneDelegate.swift in Sources */,
			);
			runOnlyForDeploymentPostprocessing = 0;
		};
		7AA5052C29A2B7BD00873360 /* Sources */ = {
			isa = PBXSourcesBuildPhase;
			buildActionMask = 2147483647;
			files = (
				7AA5053529A2B7BD00873360 /* TableView_DetailTests.swift in Sources */,
			);
			runOnlyForDeploymentPostprocessing = 0;
		};
		7AA5053629A2B7BD00873360 /* Sources */ = {
			isa = PBXSourcesBuildPhase;
			buildActionMask = 2147483647;
			files = (
				7AA5053F29A2B7BD00873360 /* TableView_DetailUITests.swift in Sources */,
				7AA5054129A2B7BD00873360 /* TableView_DetailUITestsLaunchTests.swift in Sources */,
			);
			runOnlyForDeploymentPostprocessing = 0;
		};
/* End PBXSourcesBuildPhase section */

/* Begin PBXTargetDependency section */
		7AA5053229A2B7BD00873360 /* PBXTargetDependency */ = {
			isa = PBXTargetDependency;
			target = 7AA5051929A2B7BC00873360 /* TableView Detail */;
			targetProxy = 7AA5053129A2B7BD00873360 /* PBXContainerItemProxy */;
		};
		7AA5053C29A2B7BD00873360 /* PBXTargetDependency */ = {
			isa = PBXTargetDependency;
			target = 7AA5051929A2B7BC00873360 /* TableView Detail */;
			targetProxy = 7AA5053B29A2B7BD00873360 /* PBXContainerItemProxy */;
		};
/* End PBXTargetDependency section */

/* Begin PBXVariantGroup section */
		7AA5052329A2B7BC00873360 /* Main.storyboard */ = {
			isa = PBXVariantGroup;
			children = (
				7AA5052429A2B7BC00873360 /* Base */,
			);
			name = Main.storyboard;
			sourceTree = "<group>";
		};
		7AA5052829A2B7BD00873360 /* LaunchScreen.storyboard */ = {
			isa = PBXVariantGroup;
			children = (
				7AA5052929A2B7BD00873360 /* Base */,
			);
			name = LaunchScreen.storyboard;
			sourceTree = "<group>";
		};
/* End PBXVariantGroup section */

/* Begin XCBuildConfiguration section */
		7AA5054229A2B7BD00873360 /* Debug */ = {
			isa = XCBuildConfiguration;
			buildSettings = {
				ALWAYS_SEARCH_USER_PATHS = NO;
				CLANG_ANALYZER_NONNULL = YES;
				CLANG_ANALYZER_NUMBER_OBJECT_CONVERSION = YES_AGGRESSIVE;
				CLANG_CXX_LANGUAGE_STANDARD = "gnu++20";
				CLANG_ENABLE_MODULES = YES;
				CLANG_ENABLE_OBJC_ARC = YES;
				CLANG_ENABLE_OBJC_WEAK = YES;
				CLANG_WARN_BLOCK_CAPTURE_AUTORELEASING = YES;
				CLANG_WARN_BOOL_CONVERSION = YES;
				CLANG_WARN_COMMA = YES;
				CLANG_WARN_CONSTANT_CONVERSION = YES;
				CLANG_WARN_DEPRECATED_OBJC_IMPLEMENTATIONS = YES;
				CLANG_WARN_DIRECT_OBJC_ISA_USAGE = YES_ERROR;
				CLANG_WARN_DOCUMENTATION_COMMENTS = YES;
				CLANG_WARN_EMPTY_BODY = YES;
				CLANG_WARN_ENUM_CONVERSION = YES;
				CLANG_WARN_INFINITE_RECURSION = YES;
				CLANG_WARN_INT_CONVERSION = YES;
				CLANG_WARN_NON_LITERAL_NULL_CONVERSION = YES;
				CLANG_WARN_OBJC_IMPLICIT_RETAIN_SELF = YES;
				CLANG_WARN_OBJC_LITERAL_CONVERSION = YES;
				CLANG_WARN_OBJC_ROOT_CLASS = YES_ERROR;
				CLANG_WARN_QUOTED_INCLUDE_IN_FRAMEWORK_HEADER = YES;
				CLANG_WARN_RANGE_LOOP_ANALYSIS = YES;
				CLANG_WARN_STRICT_PROTOTYPES = YES;
				CLANG_WARN_SUSPICIOUS_MOVE = YES;
				CLANG_WARN_UNGUARDED_AVAILABILITY = YES_AGGRESSIVE;
				CLANG_WARN_UNREACHABLE_CODE = YES;
				CLANG_WARN__DUPLICATE_METHOD_MATCH = YES;
				COPY_PHASE_STRIP = NO;
				DEBUG_INFORMATION_FORMAT = dwarf;
				ENABLE_STRICT_OBJC_MSGSEND = YES;
				ENABLE_TESTABILITY = YES;
				GCC_C_LANGUAGE_STANDARD = gnu11;
				GCC_DYNAMIC_NO_PIC = NO;
				GCC_NO_COMMON_BLOCKS = YES;
				GCC_OPTIMIZATION_LEVEL = 0;
				GCC_PREPROCESSOR_DEFINITIONS = (
					"DEBUG=1",
					"$(inherited)",
				);
				GCC_WARN_64_TO_32_BIT_CONVERSION = YES;
				GCC_WARN_ABOUT_RETURN_TYPE = YES_ERROR;
				GCC_WARN_UNDECLARED_SELECTOR = YES;
				GCC_WARN_UNINITIALIZED_AUTOS = YES_AGGRESSIVE;
				GCC_WARN_UNUSED_FUNCTION = YES;
				GCC_WARN_UNUSED_VARIABLE = YES;
				IPHONEOS_DEPLOYMENT_TARGET = 16.2;
				MTL_ENABLE_DEBUG_INFO = INCLUDE_SOURCE;
				MTL_FAST_MATH = YES;
				ONLY_ACTIVE_ARCH = YES;
				SDKROOT = iphoneos;
				SWIFT_ACTIVE_COMPILATION_CONDITIONS = DEBUG;
				SWIFT_OPTIMIZATION_LEVEL = "-Onone";
			};
			name = Debug;
		};
		7AA5054329A2B7BD00873360 /* Release */ = {
			isa = XCBuildConfiguration;
			buildSettings = {
				ALWAYS_SEARCH_USER_PATHS = NO;
				CLANG_ANALYZER_NONNULL = YES;
				CLANG_ANALYZER_NUMBER_OBJECT_CONVERSION = YES_AGGRESSIVE;
				CLANG_CXX_LANGUAGE_STANDARD = "gnu++20";
				CLANG_ENABLE_MODULES = YES;
				CLANG_ENABLE_OBJC_ARC = YES;
				CLANG_ENABLE_OBJC_WEAK = YES;
				CLANG_WARN_BLOCK_CAPTURE_AUTORELEASING = YES;
				CLANG_WARN_BOOL_CONVERSION = YES;
				CLANG_WARN_COMMA = YES;
				CLANG_WARN_CONSTANT_CONVERSION = YES;
				CLANG_WARN_DEPRECATED_OBJC_IMPLEMENTATIONS = YES;
				CLANG_WARN_DIRECT_OBJC_ISA_USAGE = YES_ERROR;
				CLANG_WARN_DOCUMENTATION_COMMENTS = YES;
				CLANG_WARN_EMPTY_BODY = YES;
				CLANG_WARN_ENUM_CONVERSION = YES;
				CLANG_WARN_INFINITE_RECURSION = YES;
				CLANG_WARN_INT_CONVERSION = YES;
				CLANG_WARN_NON_LITERAL_NULL_CONVERSION = YES;
				CLANG_WARN_OBJC_IMPLICIT_RETAIN_SELF = YES;
				CLANG_WARN_OBJC_LITERAL_CONVERSION = YES;
				CLANG_WARN_OBJC_ROOT_CLASS = YES_ERROR;
				CLANG_WARN_QUOTED_INCLUDE_IN_FRAMEWORK_HEADER = YES;
				CLANG_WARN_RANGE_LOOP_ANALYSIS = YES;
				CLANG_WARN_STRICT_PROTOTYPES = YES;
				CLANG_WARN_SUSPICIOUS_MOVE = YES;
				CLANG_WARN_UNGUARDED_AVAILABILITY = YES_AGGRESSIVE;
				CLANG_WARN_UNREACHABLE_CODE = YES;
				CLANG_WARN__DUPLICATE_METHOD_MATCH = YES;
				COPY_PHASE_STRIP = NO;
				DEBUG_INFORMATION_FORMAT = "dwarf-with-dsym";
				ENABLE_NS_ASSERTIONS = NO;
				ENABLE_STRICT_OBJC_MSGSEND = YES;
				GCC_C_LANGUAGE_STANDARD = gnu11;
				GCC_NO_COMMON_BLOCKS = YES;
				GCC_WARN_64_TO_32_BIT_CONVERSION = YES;
				GCC_WARN_ABOUT_RETURN_TYPE = YES_ERROR;
				GCC_WARN_UNDECLARED_SELECTOR = YES;
				GCC_WARN_UNINITIALIZED_AUTOS = YES_AGGRESSIVE;
				GCC_WARN_UNUSED_FUNCTION = YES;
				GCC_WARN_UNUSED_VARIABLE = YES;
				IPHONEOS_DEPLOYMENT_TARGET = 16.2;
				MTL_ENABLE_DEBUG_INFO = NO;
				MTL_FAST_MATH = YES;
				SDKROOT = iphoneos;
				SWIFT_COMPILATION_MODE = wholemodule;
				SWIFT_OPTIMIZATION_LEVEL = "-O";
				VALIDATE_PRODUCT = YES;
			};
			name = Release;
		};
		7AA5054529A2B7BD00873360 /* Debug */ = {
			isa = XCBuildConfiguration;
			buildSettings = {
				ASSETCATALOG_COMPILER_APPICON_NAME = AppIcon;
				ASSETCATALOG_COMPILER_GLOBAL_ACCENT_COLOR_NAME = AccentColor;
				CODE_SIGN_STYLE = Automatic;
				CURRENT_PROJECT_VERSION = 1;
				GENERATE_INFOPLIST_FILE = YES;
				INFOPLIST_FILE = "TableView Detail/Info.plist";
				INFOPLIST_KEY_UIApplicationSupportsIndirectInputEvents = YES;
				INFOPLIST_KEY_UILaunchStoryboardName = LaunchScreen;
				INFOPLIST_KEY_UIMainStoryboardFile = Main;
				INFOPLIST_KEY_UISupportedInterfaceOrientations_iPad = "UIInterfaceOrientationPortrait UIInterfaceOrientationPortraitUpsideDown UIInterfaceOrientationLandscapeLeft UIInterfaceOrientationLandscapeRight";
				INFOPLIST_KEY_UISupportedInterfaceOrientations_iPhone = "UIInterfaceOrientationPortrait UIInterfaceOrientationLandscapeLeft UIInterfaceOrientationLandscapeRight";
				LD_RUNPATH_SEARCH_PATHS = (
					"$(inherited)",
					"@executable_path/Frameworks",
				);
				MARKETING_VERSION = 1.0;
				PRODUCT_BUNDLE_IDENTIFIER = "com.ercelserhat.TableView-Detail";
				PRODUCT_NAME = "$(TARGET_NAME)";
				SWIFT_EMIT_LOC_STRINGS = YES;
				SWIFT_VERSION = 5.0;
				TARGETED_DEVICE_FAMILY = "1,2";
			};
			name = Debug;
		};
		7AA5054629A2B7BD00873360 /* Release */ = {
			isa = XCBuildConfiguration;
			buildSettings = {
				ASSETCATALOG_COMPILER_APPICON_NAME = AppIcon;
				ASSETCATALOG_COMPILER_GLOBAL_ACCENT_COLOR_NAME = AccentColor;
				CODE_SIGN_STYLE = Automatic;
				CURRENT_PROJECT_VERSION = 1;
				GENERATE_INFOPLIST_FILE = YES;
				INFOPLIST_FILE = "TableView Detail/Info.plist";
				INFOPLIST_KEY_UIApplicationSupportsIndirectInputEvents = YES;
				INFOPLIST_KEY_UILaunchStoryboardName = LaunchScreen;
				INFOPLIST_KEY_UIMainStoryboardFile = Main;
				INFOPLIST_KEY_UISupportedInterfaceOrientations_iPad = "UIInterfaceOrientationPortrait UIInterfaceOrientationPortraitUpsideDown UIInterfaceOrientationLandscapeLeft UIInterfaceOrientationLandscapeRight";
				INFOPLIST_KEY_UISupportedInterfaceOrientations_iPhone = "UIInterfaceOrientationPortrait UIInterfaceOrientationLandscapeLeft UIInterfaceOrientationLandscapeRight";
				LD_RUNPATH_SEARCH_PATHS = (
					"$(inherited)",
					"@executable_path/Frameworks",
				);
				MARKETING_VERSION = 1.0;
				PRODUCT_BUNDLE_IDENTIFIER = "com.ercelserhat.TableView-Detail";
				PRODUCT_NAME = "$(TARGET_NAME)";
				SWIFT_EMIT_LOC_STRINGS = YES;
				SWIFT_VERSION = 5.0;
				TARGETED_DEVICE_FAMILY = "1,2";
			};
			name = Release;
		};
		7AA5054829A2B7BD00873360 /* Debug */ = {
			isa = XCBuildConfiguration;
			buildSettings = {
				ALWAYS_EMBED_SWIFT_STANDARD_LIBRARIES = YES;
				BUNDLE_LOADER = "$(TEST_HOST)";
				CODE_SIGN_STYLE = Automatic;
				CURRENT_PROJECT_VERSION = 1;
				GENERATE_INFOPLIST_FILE = YES;
				IPHONEOS_DEPLOYMENT_TARGET = 16.2;
				MARKETING_VERSION = 1.0;
				PRODUCT_BUNDLE_IDENTIFIER = "com.ercelserhat.TableView-DetailTests";
				PRODUCT_NAME = "$(TARGET_NAME)";
				SWIFT_EMIT_LOC_STRINGS = NO;
				SWIFT_VERSION = 5.0;
				TARGETED_DEVICE_FAMILY = "1,2";
				TEST_HOST = "$(BUILT_PRODUCTS_DIR)/TableView Detail.app/$(BUNDLE_EXECUTABLE_FOLDER_PATH)/TableView Detail";
			};
			name = Debug;
		};
		7AA5054929A2B7BD00873360 /* Release */ = {
			isa = XCBuildConfiguration;
			buildSettings = {
				ALWAYS_EMBED_SWIFT_STANDARD_LIBRARIES = YES;
				BUNDLE_LOADER = "$(TEST_HOST)";
				CODE_SIGN_STYLE = Automatic;
				CURRENT_PROJECT_VERSION = 1;
				GENERATE_INFOPLIST_FILE = YES;
				IPHONEOS_DEPLOYMENT_TARGET = 16.2;
				MARKETING_VERSION = 1.0;
				PRODUCT_BUNDLE_IDENTIFIER = "com.ercelserhat.TableView-DetailTests";
				PRODUCT_NAME = "$(TARGET_NAME)";
				SWIFT_EMIT_LOC_STRINGS = NO;
				SWIFT_VERSION = 5.0;
				TARGETED_DEVICE_FAMILY = "1,2";
				TEST_HOST = "$(BUILT_PRODUCTS_DIR)/TableView Detail.app/$(BUNDLE_EXECUTABLE_FOLDER_PATH)/TableView Detail";
			};
			name = Release;
		};
		7AA5054B29A2B7BD00873360 /* Debug */ = {
			isa = XCBuildConfiguration;
			buildSettings = {
				ALWAYS_EMBED_SWIFT_STANDARD_LIBRARIES = YES;
				CODE_SIGN_STYLE = Automatic;
				CURRENT_PROJECT_VERSION = 1;
				GENERATE_INFOPLIST_FILE = YES;
				MARKETING_VERSION = 1.0;
				PRODUCT_BUNDLE_IDENTIFIER = "com.ercelserhat.TableView-DetailUITests";
				PRODUCT_NAME = "$(TARGET_NAME)";
				SWIFT_EMIT_LOC_STRINGS = NO;
				SWIFT_VERSION = 5.0;
				TARGETED_DEVICE_FAMILY = "1,2";
				TEST_TARGET_NAME = "TableView Detail";
			};
			name = Debug;
		};
		7AA5054C29A2B7BD00873360 /* Release */ = {
			isa = XCBuildConfiguration;
			buildSettings = {
				ALWAYS_EMBED_SWIFT_STANDARD_LIBRARIES = YES;
				CODE_SIGN_STYLE = Automatic;
				CURRENT_PROJECT_VERSION = 1;
				GENERATE_INFOPLIST_FILE = YES;
				MARKETING_VERSION = 1.0;
				PRODUCT_BUNDLE_IDENTIFIER = "com.ercelserhat.TableView-DetailUITests";
				PRODUCT_NAME = "$(TARGET_NAME)";
				SWIFT_EMIT_LOC_STRINGS = NO;
				SWIFT_VERSION = 5.0;
				TARGETED_DEVICE_FAMILY = "1,2";
				TEST_TARGET_NAME = "TableView Detail";
			};
			name = Release;
		};
/* End XCBuildConfiguration section */

/* Begin XCConfigurationList section */
		7AA5051529A2B7BC00873360 /* Build configuration list for PBXProject "TableView Detail" */ = {
			isa = XCConfigurationList;
			buildConfigurations = (
				7AA5054229A2B7BD00873360 /* Debug */,
				7AA5054329A2B7BD00873360 /* Release */,
			);
			defaultConfigurationIsVisible = 0;
			defaultConfigurationName = Release;
		};
		7AA5054429A2B7BD00873360 /* Build configuration list for PBXNativeTarget "TableView Detail" */ = {
			isa = XCConfigurationList;
			buildConfigurations = (
				7AA5054529A2B7BD00873360 /* Debug */,
				7AA5054629A2B7BD00873360 /* Release */,
			);
			defaultConfigurationIsVisible = 0;
			defaultConfigurationName = Release;
		};
		7AA5054729A2B7BD00873360 /* Build configuration list for PBXNativeTarget "TableView DetailTests" */ = {
			isa = XCConfigurationList;
			buildConfigurations = (
				7AA5054829A2B7BD00873360 /* Debug */,
				7AA5054929A2B7BD00873360 /* Release */,
			);
			defaultConfigurationIsVisible = 0;
			defaultConfigurationName = Release;
		};
		7AA5054A29A2B7BD00873360 /* Build configuration list for PBXNativeTarget "TableView DetailUITests" */ = {
			isa = XCConfigurationList;
			buildConfigurations = (
				7AA5054B29A2B7BD00873360 /* Debug */,
				7AA5054C29A2B7BD00873360 /* Release */,
			);
			defaultConfigurationIsVisible = 0;
			defaultConfigurationName = Release;
		};
/* End XCConfigurationList section */
	};
	rootObject = 7AA5051229A2B7BC00873360 /* Project object */;
}
