// !$*UTF8*$!
{
	archiveVersion = 1;
	classes = {
	};
	objectVersion = 56;
	objects = {

/* Begin PBXBuildFile section */
		7AC8CF652A61713B0031DA27 /* AppDelegate.swift in Sources */ = {isa = PBXBuildFile; fileRef = 7AC8CF642A61713B0031DA27 /* AppDelegate.swift */; };
		7AC8CF672A61713B0031DA27 /* SceneDelegate.swift in Sources */ = {isa = PBXBuildFile; fileRef = 7AC8CF662A61713B0031DA27 /* SceneDelegate.swift */; };
		7AC8CF692A61713B0031DA27 /* ViewController.swift in Sources */ = {isa = PBXBuildFile; fileRef = 7AC8CF682A61713B0031DA27 /* ViewController.swift */; };
		7AC8CF6C2A61713B0031DA27 /* Main.storyboard in Resources */ = {isa = PBXBuildFile; fileRef = 7AC8CF6A2A61713B0031DA27 /* Main.storyboard */; };
		7AC8CF6E2A61713C0031DA27 /* Assets.xcassets in Resources */ = {isa = PBXBuildFile; fileRef = 7AC8CF6D2A61713C0031DA27 /* Assets.xcassets */; };
		7AC8CF712A61713C0031DA27 /* LaunchScreen.storyboard in Resources */ = {isa = PBXBuildFile; fileRef = 7AC8CF6F2A61713C0031DA27 /* LaunchScreen.storyboard */; };
		7AC8CF862A61724D0031DA27 /* FMDatabasePool.m in Sources */ = {isa = PBXBuildFile; fileRef = 7AC8CF7D2A61724C0031DA27 /* FMDatabasePool.m */; };
		7AC8CF872A61724D0031DA27 /* FMResultSet.m in Sources */ = {isa = PBXBuildFile; fileRef = 7AC8CF7E2A61724C0031DA27 /* FMResultSet.m */; };
		7AC8CF882A61724D0031DA27 /* FMDatabaseQueue.m in Sources */ = {isa = PBXBuildFile; fileRef = 7AC8CF7F2A61724D0031DA27 /* FMDatabaseQueue.m */; };
		7AC8CF892A61724D0031DA27 /* FMDatabase.m in Sources */ = {isa = PBXBuildFile; fileRef = 7AC8CF812A61724D0031DA27 /* FMDatabase.m */; };
		7AC8CF8A2A61724D0031DA27 /* FMDatabaseAdditions.m in Sources */ = {isa = PBXBuildFile; fileRef = 7AC8CF822A61724D0031DA27 /* FMDatabaseAdditions.m */; };
/* End PBXBuildFile section */

/* Begin PBXFileReference section */
		7AC8CF612A61713B0031DA27 /* SQLite.app */ = {isa = PBXFileReference; explicitFileType = wrapper.application; includeInIndex = 0; path = SQLite.app; sourceTree = BUILT_PRODUCTS_DIR; };
		7AC8CF642A61713B0031DA27 /* AppDelegate.swift */ = {isa = PBXFileReference; lastKnownFileType = sourcecode.swift; path = AppDelegate.swift; sourceTree = "<group>"; };
		7AC8CF662A61713B0031DA27 /* SceneDelegate.swift */ = {isa = PBXFileReference; lastKnownFileType = sourcecode.swift; path = SceneDelegate.swift; sourceTree = "<group>"; };
		7AC8CF682A61713B0031DA27 /* ViewController.swift */ = {isa = PBXFileReference; lastKnownFileType = sourcecode.swift; path = ViewController.swift; sourceTree = "<group>"; };
		7AC8CF6B2A61713B0031DA27 /* Base */ = {isa = PBXFileReference; lastKnownFileType = file.storyboard; name = Base; path = Base.lproj/Main.storyboard; sourceTree = "<group>"; };
		7AC8CF6D2A61713C0031DA27 /* Assets.xcassets */ = {isa = PBXFileReference; lastKnownFileType = folder.assetcatalog; path = Assets.xcassets; sourceTree = "<group>"; };
		7AC8CF702A61713C0031DA27 /* Base */ = {isa = PBXFileReference; lastKnownFileType = file.storyboard; name = Base; path = Base.lproj/LaunchScreen.storyboard; sourceTree = "<group>"; };
		7AC8CF722A61713C0031DA27 /* Info.plist */ = {isa = PBXFileReference; lastKnownFileType = text.plist.xml; path = Info.plist; sourceTree = "<group>"; };
		7AC8CF792A6171640031DA27 /* libsqlite3.tbd */ = {isa = PBXFileReference; lastKnownFileType = "sourcecode.text-based-dylib-definition"; name = libsqlite3.tbd; path = usr/lib/libsqlite3.tbd; sourceTree = SDKROOT; };
		7AC8CF7A2A61724C0031DA27 /* SQLite-Bridging-Header.h */ = {isa = PBXFileReference; lastKnownFileType = sourcecode.c.h; path = "SQLite-Bridging-Header.h"; sourceTree = "<group>"; };
		7AC8CF7B2A61724C0031DA27 /* FMDatabase.h */ = {isa = PBXFileReference; fileEncoding = 4; lastKnownFileType = sourcecode.c.h; path = FMDatabase.h; sourceTree = "<group>"; };
		7AC8CF7C2A61724C0031DA27 /* FMDatabaseAdditions.h */ = {isa = PBXFileReference; fileEncoding = 4; lastKnownFileType = sourcecode.c.h; path = FMDatabaseAdditions.h; sourceTree = "<group>"; };
		7AC8CF7D2A61724C0031DA27 /* FMDatabasePool.m */ = {isa = PBXFileReference; fileEncoding = 4; lastKnownFileType = sourcecode.c.objc; path = FMDatabasePool.m; sourceTree = "<group>"; };
		7AC8CF7E2A61724C0031DA27 /* FMResultSet.m */ = {isa = PBXFileReference; fileEncoding = 4; lastKnownFileType = sourcecode.c.objc; path = FMResultSet.m; sourceTree = "<group>"; };
		7AC8CF7F2A61724D0031DA27 /* FMDatabaseQueue.m */ = {isa = PBXFileReference; fileEncoding = 4; lastKnownFileType = sourcecode.c.objc; path = FMDatabaseQueue.m; sourceTree = "<group>"; };
		7AC8CF802A61724D0031DA27 /* FMDatabasePool.h */ = {isa = PBXFileReference; fileEncoding = 4; lastKnownFileType = sourcecode.c.h; path = FMDatabasePool.h; sourceTree = "<group>"; };
		7AC8CF812A61724D0031DA27 /* FMDatabase.m */ = {isa = PBXFileReference; fileEncoding = 4; lastKnownFileType = sourcecode.c.objc; path = FMDatabase.m; sourceTree = "<group>"; };
		7AC8CF822A61724D0031DA27 /* FMDatabaseAdditions.m */ = {isa = PBXFileReference; fileEncoding = 4; lastKnownFileType = sourcecode.c.objc; path = FMDatabaseAdditions.m; sourceTree = "<group>"; };
		7AC8CF832A61724D0031DA27 /* FMDatabaseQueue.h */ = {isa = PBXFileReference; fileEncoding = 4; lastKnownFileType = sourcecode.c.h; path = FMDatabaseQueue.h; sourceTree = "<group>"; };
		7AC8CF842A61724D0031DA27 /* FMDB.h */ = {isa = PBXFileReference; fileEncoding = 4; lastKnownFileType = sourcecode.c.h; path = FMDB.h; sourceTree = "<group>"; };
		7AC8CF852A61724D0031DA27 /* FMResultSet.h */ = {isa = PBXFileReference; fileEncoding = 4; lastKnownFileType = sourcecode.c.h; path = FMResultSet.h; sourceTree = "<group>"; };
/* End PBXFileReference section */

/* Begin PBXFrameworksBuildPhase section */
		7AC8CF5E2A61713B0031DA27 /* Frameworks */ = {
			isa = PBXFrameworksBuildPhase;
			buildActionMask = 2147483647;
			files = (
			);
			runOnlyForDeploymentPostprocessing = 0;
		};
/* End PBXFrameworksBuildPhase section */

/* Begin PBXGroup section */
		7AC8CF582A61713B0031DA27 = {
			isa = PBXGroup;
			children = (
				7AC8CF632A61713B0031DA27 /* SQLite */,
				7AC8CF622A61713B0031DA27 /* Products */,
				7AC8CF782A6171640031DA27 /* Frameworks */,
			);
			sourceTree = "<group>";
		};
		7AC8CF622A61713B0031DA27 /* Products */ = {
			isa = PBXGroup;
			children = (
				7AC8CF612A61713B0031DA27 /* SQLite.app */,
			);
			name = Products;
			sourceTree = "<group>";
		};
		7AC8CF632A61713B0031DA27 /* SQLite */ = {
			isa = PBXGroup;
			children = (
				7AC8CF642A61713B0031DA27 /* AppDelegate.swift */,
				7AC8CF662A61713B0031DA27 /* SceneDelegate.swift */,
				7AC8CF682A61713B0031DA27 /* ViewController.swift */,
				7AC8CF6A2A61713B0031DA27 /* Main.storyboard */,
				7AC8CF6D2A61713C0031DA27 /* Assets.xcassets */,
				7AC8CF6F2A61713C0031DA27 /* LaunchScreen.storyboard */,
				7AC8CF722A61713C0031DA27 /* Info.plist */,
				7AC8CF7B2A61724C0031DA27 /* FMDatabase.h */,
				7AC8CF812A61724D0031DA27 /* FMDatabase.m */,
				7AC8CF7C2A61724C0031DA27 /* FMDatabaseAdditions.h */,
				7AC8CF822A61724D0031DA27 /* FMDatabaseAdditions.m */,
				7AC8CF802A61724D0031DA27 /* FMDatabasePool.h */,
				7AC8CF7D2A61724C0031DA27 /* FMDatabasePool.m */,
				7AC8CF832A61724D0031DA27 /* FMDatabaseQueue.h */,
				7AC8CF7F2A61724D0031DA27 /* FMDatabaseQueue.m */,
				7AC8CF842A61724D0031DA27 /* FMDB.h */,
				7AC8CF852A61724D0031DA27 /* FMResultSet.h */,
				7AC8CF7E2A61724C0031DA27 /* FMResultSet.m */,
				7AC8CF7A2A61724C0031DA27 /* SQLite-Bridging-Header.h */,
			);
			path = SQLite;
			sourceTree = "<group>";
		};
		7AC8CF782A6171640031DA27 /* Frameworks */ = {
			isa = PBXGroup;
			children = (
				7AC8CF792A6171640031DA27 /* libsqlite3.tbd */,
			);
			name = Frameworks;
			sourceTree = "<group>";
		};
/* End PBXGroup section */

/* Begin PBXNativeTarget section */
		7AC8CF602A61713B0031DA27 /* SQLite */ = {
			isa = PBXNativeTarget;
			buildConfigurationList = 7AC8CF752A61713D0031DA27 /* Build configuration list for PBXNativeTarget "SQLite" */;
			buildPhases = (
				7AC8CF5D2A61713B0031DA27 /* Sources */,
				7AC8CF5E2A61713B0031DA27 /* Frameworks */,
				7AC8CF5F2A61713B0031DA27 /* Resources */,
			);
			buildRules = (
			);
			dependencies = (
			);
			name = SQLite;
			productName = SQLite;
			productReference = 7AC8CF612A61713B0031DA27 /* SQLite.app */;
			productType = "com.apple.product-type.application";
		};
/* End PBXNativeTarget section */

/* Begin PBXProject section */
		7AC8CF592A61713B0031DA27 /* Project object */ = {
			isa = PBXProject;
			attributes = {
				BuildIndependentTargetsInParallel = 1;
				LastSwiftUpdateCheck = 1430;
				LastUpgradeCheck = 1430;
				TargetAttributes = {
					7AC8CF602A61713B0031DA27 = {
						CreatedOnToolsVersion = 14.3;
						LastSwiftMigration = 1430;
					};
				};
			};
			buildConfigurationList = 7AC8CF5C2A61713B0031DA27 /* Build configuration list for PBXProject "SQLite" */;
			compatibilityVersion = "Xcode 14.0";
			developmentRegion = en;
			hasScannedForEncodings = 0;
			knownRegions = (
				en,
				Base,
			);
			mainGroup = 7AC8CF582A61713B0031DA27;
			productRefGroup = 7AC8CF622A61713B0031DA27 /* Products */;
			projectDirPath = "";
			projectRoot = "";
			targets = (
				7AC8CF602A61713B0031DA27 /* SQLite */,
			);
		};
/* End PBXProject section */

/* Begin PBXResourcesBuildPhase section */
		7AC8CF5F2A61713B0031DA27 /* Resources */ = {
			isa = PBXResourcesBuildPhase;
			buildActionMask = 2147483647;
			files = (
				7AC8CF712A61713C0031DA27 /* LaunchScreen.storyboard in Resources */,
				7AC8CF6E2A61713C0031DA27 /* Assets.xcassets in Resources */,
				7AC8CF6C2A61713B0031DA27 /* Main.storyboard in Resources */,
			);
			runOnlyForDeploymentPostprocessing = 0;
		};
/* End PBXResourcesBuildPhase section */

/* Begin PBXSourcesBuildPhase section */
		7AC8CF5D2A61713B0031DA27 /* Sources */ = {
			isa = PBXSourcesBuildPhase;
			buildActionMask = 2147483647;
			files = (
				7AC8CF692A61713B0031DA27 /* ViewController.swift in Sources */,
				7AC8CF862A61724D0031DA27 /* FMDatabasePool.m in Sources */,
				7AC8CF652A61713B0031DA27 /* AppDelegate.swift in Sources */,
				7AC8CF892A61724D0031DA27 /* FMDatabase.m in Sources */,
				7AC8CF672A61713B0031DA27 /* SceneDelegate.swift in Sources */,
				7AC8CF872A61724D0031DA27 /* FMResultSet.m in Sources */,
				7AC8CF882A61724D0031DA27 /* FMDatabaseQueue.m in Sources */,
				7AC8CF8A2A61724D0031DA27 /* FMDatabaseAdditions.m in Sources */,
			);
			runOnlyForDeploymentPostprocessing = 0;
		};
/* End PBXSourcesBuildPhase section */

/* Begin PBXVariantGroup section */
		7AC8CF6A2A61713B0031DA27 /* Main.storyboard */ = {
			isa = PBXVariantGroup;
			children = (
				7AC8CF6B2A61713B0031DA27 /* Base */,
			);
			name = Main.storyboard;
			sourceTree = "<group>";
		};
		7AC8CF6F2A61713C0031DA27 /* LaunchScreen.storyboard */ = {
			isa = PBXVariantGroup;
			children = (
				7AC8CF702A61713C0031DA27 /* Base */,
			);
			name = LaunchScreen.storyboard;
			sourceTree = "<group>";
		};
/* End PBXVariantGroup section */

/* Begin XCBuildConfiguration section */
		7AC8CF732A61713D0031DA27 /* Debug */ = {
			isa = XCBuildConfiguration;
			buildSettings = {
				ALWAYS_SEARCH_USER_PATHS = NO;
				CLANG_ANALYZER_NONNULL = YES;
				CLANG_ANALYZER_NUMBER_OBJECT_CONVERSION = YES_AGGRESSIVE;
				CLANG_CXX_LANGUAGE_STANDARD = "gnu++20";
				CLANG_ENABLE_MODULES = YES;
				CLANG_ENABLE_OBJC_ARC = YES;
				CLANG_ENABLE_OBJC_WEAK = YES;
				CLANG_WARN_BLOCK_CAPTURE_AUTORELEASING = YES;
				CLANG_WARN_BOOL_CONVERSION = YES;
				CLANG_WARN_COMMA = YES;
				CLANG_WARN_CONSTANT_CONVERSION = YES;
				CLANG_WARN_DEPRECATED_OBJC_IMPLEMENTATIONS = YES;
				CLANG_WARN_DIRECT_OBJC_ISA_USAGE = YES_ERROR;
				CLANG_WARN_DOCUMENTATION_COMMENTS = YES;
				CLANG_WARN_EMPTY_BODY = YES;
				CLANG_WARN_ENUM_CONVERSION = YES;
				CLANG_WARN_INFINITE_RECURSION = YES;
				CLANG_WARN_INT_CONVERSION = YES;
				CLANG_WARN_NON_LITERAL_NULL_CONVERSION = YES;
				CLANG_WARN_OBJC_IMPLICIT_RETAIN_SELF = YES;
				CLANG_WARN_OBJC_LITERAL_CONVERSION = YES;
				CLANG_WARN_OBJC_ROOT_CLASS = YES_ERROR;
				CLANG_WARN_QUOTED_INCLUDE_IN_FRAMEWORK_HEADER = YES;
				CLANG_WARN_RANGE_LOOP_ANALYSIS = YES;
				CLANG_WARN_STRICT_PROTOTYPES = YES;
				CLANG_WARN_SUSPICIOUS_MOVE = YES;
				CLANG_WARN_UNGUARDED_AVAILABILITY = YES_AGGRESSIVE;
				CLANG_WARN_UNREACHABLE_CODE = YES;
				CLANG_WARN__DUPLICATE_METHOD_MATCH = YES;
				COPY_PHASE_STRIP = NO;
				DEBUG_INFORMATION_FORMAT = dwarf;
				ENABLE_STRICT_OBJC_MSGSEND = YES;
				ENABLE_TESTABILITY = YES;
				GCC_C_LANGUAGE_STANDARD = gnu11;
				GCC_DYNAMIC_NO_PIC = NO;
				GCC_NO_COMMON_BLOCKS = YES;
				GCC_OPTIMIZATION_LEVEL = 0;
				GCC_PREPROCESSOR_DEFINITIONS = (
					"DEBUG=1",
					"$(inherited)",
				);
				GCC_WARN_64_TO_32_BIT_CONVERSION = YES;
				GCC_WARN_ABOUT_RETURN_TYPE = YES_ERROR;
				GCC_WARN_UNDECLARED_SELECTOR = YES;
				GCC_WARN_UNINITIALIZED_AUTOS = YES_AGGRESSIVE;
				GCC_WARN_UNUSED_FUNCTION = YES;
				GCC_WARN_UNUSED_VARIABLE = YES;
				IPHONEOS_DEPLOYMENT_TARGET = 16.4;
				MTL_ENABLE_DEBUG_INFO = INCLUDE_SOURCE;
				MTL_FAST_MATH = YES;
				ONLY_ACTIVE_ARCH = YES;
				SDKROOT = iphoneos;
				SWIFT_ACTIVE_COMPILATION_CONDITIONS = DEBUG;
				SWIFT_OPTIMIZATION_LEVEL = "-Onone";
			};
			name = Debug;
		};
		7AC8CF742A61713D0031DA27 /* Release */ = {
			isa = XCBuildConfiguration;
			buildSettings = {
				ALWAYS_SEARCH_USER_PATHS = NO;
				CLANG_ANALYZER_NONNULL = YES;
				CLANG_ANALYZER_NUMBER_OBJECT_CONVERSION = YES_AGGRESSIVE;
				CLANG_CXX_LANGUAGE_STANDARD = "gnu++20";
				CLANG_ENABLE_MODULES = YES;
				CLANG_ENABLE_OBJC_ARC = YES;
				CLANG_ENABLE_OBJC_WEAK = YES;
				CLANG_WARN_BLOCK_CAPTURE_AUTORELEASING = YES;
				CLANG_WARN_BOOL_CONVERSION = YES;
				CLANG_WARN_COMMA = YES;
				CLANG_WARN_CONSTANT_CONVERSION = YES;
				CLANG_WARN_DEPRECATED_OBJC_IMPLEMENTATIONS = YES;
				CLANG_WARN_DIRECT_OBJC_ISA_USAGE = YES_ERROR;
				CLANG_WARN_DOCUMENTATION_COMMENTS = YES;
				CLANG_WARN_EMPTY_BODY = YES;
				CLANG_WARN_ENUM_CONVERSION = YES;
				CLANG_WARN_INFINITE_RECURSION = YES;
				CLANG_WARN_INT_CONVERSION = YES;
				CLANG_WARN_NON_LITERAL_NULL_CONVERSION = YES;
				CLANG_WARN_OBJC_IMPLICIT_RETAIN_SELF = YES;
				CLANG_WARN_OBJC_LITERAL_CONVERSION = YES;
				CLANG_WARN_OBJC_ROOT_CLASS = YES_ERROR;
				CLANG_WARN_QUOTED_INCLUDE_IN_FRAMEWORK_HEADER = YES;
				CLANG_WARN_RANGE_LOOP_ANALYSIS = YES;
				CLANG_WARN_STRICT_PROTOTYPES = YES;
				CLANG_WARN_SUSPICIOUS_MOVE = YES;
				CLANG_WARN_UNGUARDED_AVAILABILITY = YES_AGGRESSIVE;
				CLANG_WARN_UNREACHABLE_CODE = YES;
				CLANG_WARN__DUPLICATE_METHOD_MATCH = YES;
				COPY_PHASE_STRIP = NO;
				DEBUG_INFORMATION_FORMAT = "dwarf-with-dsym";
				ENABLE_NS_ASSERTIONS = NO;
				ENABLE_STRICT_OBJC_MSGSEND = YES;
				GCC_C_LANGUAGE_STANDARD = gnu11;
				GCC_NO_COMMON_BLOCKS = YES;
				GCC_WARN_64_TO_32_BIT_CONVERSION = YES;
				GCC_WARN_ABOUT_RETURN_TYPE = YES_ERROR;
				GCC_WARN_UNDECLARED_SELECTOR = YES;
				GCC_WARN_UNINITIALIZED_AUTOS = YES_AGGRESSIVE;
				GCC_WARN_UNUSED_FUNCTION = YES;
				GCC_WARN_UNUSED_VARIABLE = YES;
				IPHONEOS_DEPLOYMENT_TARGET = 16.4;
				MTL_ENABLE_DEBUG_INFO = NO;
				MTL_FAST_MATH = YES;
				SDKROOT = iphoneos;
				SWIFT_COMPILATION_MODE = wholemodule;
				SWIFT_OPTIMIZATION_LEVEL = "-O";
				VALIDATE_PRODUCT = YES;
			};
			name = Release;
		};
		7AC8CF762A61713D0031DA27 /* Debug */ = {
			isa = XCBuildConfiguration;
			buildSettings = {
				ASSETCATALOG_COMPILER_APPICON_NAME = AppIcon;
				ASSETCATALOG_COMPILER_GLOBAL_ACCENT_COLOR_NAME = AccentColor;
				CLANG_ENABLE_MODULES = YES;
				CODE_SIGN_STYLE = Automatic;
				CURRENT_PROJECT_VERSION = 1;
				GENERATE_INFOPLIST_FILE = YES;
				INFOPLIST_FILE = SQLite/Info.plist;
				INFOPLIST_KEY_UIApplicationSupportsIndirectInputEvents = YES;
				INFOPLIST_KEY_UILaunchStoryboardName = LaunchScreen;
				INFOPLIST_KEY_UIMainStoryboardFile = Main;
				INFOPLIST_KEY_UISupportedInterfaceOrientations_iPad = "UIInterfaceOrientationPortrait UIInterfaceOrientationPortraitUpsideDown UIInterfaceOrientationLandscapeLeft UIInterfaceOrientationLandscapeRight";
				INFOPLIST_KEY_UISupportedInterfaceOrientations_iPhone = "UIInterfaceOrientationPortrait UIInterfaceOrientationLandscapeLeft UIInterfaceOrientationLandscapeRight";
				LD_RUNPATH_SEARCH_PATHS = (
					"$(inherited)",
					"@executable_path/Frameworks",
				);
				MARKETING_VERSION = 1.0;
				PRODUCT_BUNDLE_IDENTIFIER = com.ercelserhat.SQLite;
				PRODUCT_NAME = "$(TARGET_NAME)";
				SWIFT_EMIT_LOC_STRINGS = YES;
				SWIFT_OBJC_BRIDGING_HEADER = "SQLite/SQLite-Bridging-Header.h";
				SWIFT_OPTIMIZATION_LEVEL = "-Onone";
				SWIFT_VERSION = 5.0;
				TARGETED_DEVICE_FAMILY = "1,2";
			};
			name = Debug;
		};
		7AC8CF772A61713D0031DA27 /* Release */ = {
			isa = XCBuildConfiguration;
			buildSettings = {
				ASSETCATALOG_COMPILER_APPICON_NAME = AppIcon;
				ASSETCATALOG_COMPILER_GLOBAL_ACCENT_COLOR_NAME = AccentColor;
				CLANG_ENABLE_MODULES = YES;
				CODE_SIGN_STYLE = Automatic;
				CURRENT_PROJECT_VERSION = 1;
				GENERATE_INFOPLIST_FILE = YES;
				INFOPLIST_FILE = SQLite/Info.plist;
				INFOPLIST_KEY_UIApplicationSupportsIndirectInputEvents = YES;
				INFOPLIST_KEY_UILaunchStoryboardName = LaunchScreen;
				INFOPLIST_KEY_UIMainStoryboardFile = Main;
				INFOPLIST_KEY_UISupportedInterfaceOrientations_iPad = "UIInterfaceOrientationPortrait UIInterfaceOrientationPortraitUpsideDown UIInterfaceOrientationLandscapeLeft UIInterfaceOrientationLandscapeRight";
				INFOPLIST_KEY_UISupportedInterfaceOrientations_iPhone = "UIInterfaceOrientationPortrait UIInterfaceOrientationLandscapeLeft UIInterfaceOrientationLandscapeRight";
				LD_RUNPATH_SEARCH_PATHS = (
					"$(inherited)",
					"@executable_path/Frameworks",
				);
				MARKETING_VERSION = 1.0;
				PRODUCT_BUNDLE_IDENTIFIER = com.ercelserhat.SQLite;
				PRODUCT_NAME = "$(TARGET_NAME)";
				SWIFT_EMIT_LOC_STRINGS = YES;
				SWIFT_OBJC_BRIDGING_HEADER = "SQLite/SQLite-Bridging-Header.h";
				SWIFT_VERSION = 5.0;
				TARGETED_DEVICE_FAMILY = "1,2";
			};
			name = Release;
		};
/* End XCBuildConfiguration section */

/* Begin XCConfigurationList section */
		7AC8CF5C2A61713B0031DA27 /* Build configuration list for PBXProject "SQLite" */ = {
			isa = XCConfigurationList;
			buildConfigurations = (
				7AC8CF732A61713D0031DA27 /* Debug */,
				7AC8CF742A61713D0031DA27 /* Release */,
			);
			defaultConfigurationIsVisible = 0;
			defaultConfigurationName = Release;
		};
		7AC8CF752A61713D0031DA27 /* Build configuration list for PBXNativeTarget "SQLite" */ = {
			isa = XCConfigurationList;
			buildConfigurations = (
				7AC8CF762A61713D0031DA27 /* Debug */,
				7AC8CF772A61713D0031DA27 /* Release */,
			);
			defaultConfigurationIsVisible = 0;
			defaultConfigurationName = Release;
		};
/* End XCConfigurationList section */
	};
	rootObject = 7AC8CF592A61713B0031DA27 /* Project object */;
}
