// !$*UTF8*$!
{
	archiveVersion = 1;
	classes = {
	};
	objectVersion = 56;
	objects = {

/* Begin PBXBuildFile section */
		7A2FACCA294F9A1000175BF4 /* AppDelegate.swift in Sources */ = {isa = PBXBuildFile; fileRef = 7A2FACC9294F9A1000175BF4 /* AppDelegate.swift */; };
		7A2FACCC294F9A1000175BF4 /* SceneDelegate.swift in Sources */ = {isa = PBXBuildFile; fileRef = 7A2FACCB294F9A1000175BF4 /* SceneDelegate.swift */; };
		7A2FACCE294F9A1000175BF4 /* ViewController.swift in Sources */ = {isa = PBXBuildFile; fileRef = 7A2FACCD294F9A1000175BF4 /* ViewController.swift */; };
		7A2FACD1294F9A1000175BF4 /* Main.storyboard in Resources */ = {isa = PBXBuildFile; fileRef = 7A2FACCF294F9A1000175BF4 /* Main.storyboard */; };
		7A2FACD3294F9A1000175BF4 /* Assets.xcassets in Resources */ = {isa = PBXBuildFile; fileRef = 7A2FACD2294F9A1000175BF4 /* Assets.xcassets */; };
		7A2FACD6294F9A1000175BF4 /* LaunchScreen.storyboard in Resources */ = {isa = PBXBuildFile; fileRef = 7A2FACD4294F9A1000175BF4 /* LaunchScreen.storyboard */; };
		7A2FACE1294F9A1000175BF4 /* AutoLayoutTests.swift in Sources */ = {isa = PBXBuildFile; fileRef = 7A2FACE0294F9A1000175BF4 /* AutoLayoutTests.swift */; };
		7A2FACEB294F9A1000175BF4 /* AutoLayoutUITests.swift in Sources */ = {isa = PBXBuildFile; fileRef = 7A2FACEA294F9A1000175BF4 /* AutoLayoutUITests.swift */; };
		7A2FACED294F9A1000175BF4 /* AutoLayoutUITestsLaunchTests.swift in Sources */ = {isa = PBXBuildFile; fileRef = 7A2FACEC294F9A1000175BF4 /* AutoLayoutUITestsLaunchTests.swift */; };
/* End PBXBuildFile section */

/* Begin PBXContainerItemProxy section */
		7A2FACDD294F9A1000175BF4 /* PBXContainerItemProxy */ = {
			isa = PBXContainerItemProxy;
			containerPortal = 7A2FACBE294F9A1000175BF4 /* Project object */;
			proxyType = 1;
			remoteGlobalIDString = 7A2FACC5294F9A1000175BF4;
			remoteInfo = AutoLayout;
		};
		7A2FACE7294F9A1000175BF4 /* PBXContainerItemProxy */ = {
			isa = PBXContainerItemProxy;
			containerPortal = 7A2FACBE294F9A1000175BF4 /* Project object */;
			proxyType = 1;
			remoteGlobalIDString = 7A2FACC5294F9A1000175BF4;
			remoteInfo = AutoLayout;
		};
/* End PBXContainerItemProxy section */

/* Begin PBXFileReference section */
		7A2FACC6294F9A1000175BF4 /* AutoLayout.app */ = {isa = PBXFileReference; explicitFileType = wrapper.application; includeInIndex = 0; path = AutoLayout.app; sourceTree = BUILT_PRODUCTS_DIR; };
		7A2FACC9294F9A1000175BF4 /* AppDelegate.swift */ = {isa = PBXFileReference; lastKnownFileType = sourcecode.swift; path = AppDelegate.swift; sourceTree = "<group>"; };
		7A2FACCB294F9A1000175BF4 /* SceneDelegate.swift */ = {isa = PBXFileReference; lastKnownFileType = sourcecode.swift; path = SceneDelegate.swift; sourceTree = "<group>"; };
		7A2FACCD294F9A1000175BF4 /* ViewController.swift */ = {isa = PBXFileReference; lastKnownFileType = sourcecode.swift; path = ViewController.swift; sourceTree = "<group>"; };
		7A2FACD0294F9A1000175BF4 /* Base */ = {isa = PBXFileReference; lastKnownFileType = file.storyboard; name = Base; path = Base.lproj/Main.storyboard; sourceTree = "<group>"; };
		7A2FACD2294F9A1000175BF4 /* Assets.xcassets */ = {isa = PBXFileReference; lastKnownFileType = folder.assetcatalog; path = Assets.xcassets; sourceTree = "<group>"; };
		7A2FACD5294F9A1000175BF4 /* Base */ = {isa = PBXFileReference; lastKnownFileType = file.storyboard; name = Base; path = Base.lproj/LaunchScreen.storyboard; sourceTree = "<group>"; };
		7A2FACD7294F9A1000175BF4 /* Info.plist */ = {isa = PBXFileReference; lastKnownFileType = text.plist.xml; path = Info.plist; sourceTree = "<group>"; };
		7A2FACDC294F9A1000175BF4 /* AutoLayoutTests.xctest */ = {isa = PBXFileReference; explicitFileType = wrapper.cfbundle; includeInIndex = 0; path = AutoLayoutTests.xctest; sourceTree = BUILT_PRODUCTS_DIR; };
		7A2FACE0294F9A1000175BF4 /* AutoLayoutTests.swift */ = {isa = PBXFileReference; lastKnownFileType = sourcecode.swift; path = AutoLayoutTests.swift; sourceTree = "<group>"; };
		7A2FACE6294F9A1000175BF4 /* AutoLayoutUITests.xctest */ = {isa = PBXFileReference; explicitFileType = wrapper.cfbundle; includeInIndex = 0; path = AutoLayoutUITests.xctest; sourceTree = BUILT_PRODUCTS_DIR; };
		7A2FACEA294F9A1000175BF4 /* AutoLayoutUITests.swift */ = {isa = PBXFileReference; lastKnownFileType = sourcecode.swift; path = AutoLayoutUITests.swift; sourceTree = "<group>"; };
		7A2FACEC294F9A1000175BF4 /* AutoLayoutUITestsLaunchTests.swift */ = {isa = PBXFileReference; lastKnownFileType = sourcecode.swift; path = AutoLayoutUITestsLaunchTests.swift; sourceTree = "<group>"; };
/* End PBXFileReference section */

/* Begin PBXFrameworksBuildPhase section */
		7A2FACC3294F9A1000175BF4 /* Frameworks */ = {
			isa = PBXFrameworksBuildPhase;
			buildActionMask = 2147483647;
			files = (
			);
			runOnlyForDeploymentPostprocessing = 0;
		};
		7A2FACD9294F9A1000175BF4 /* Frameworks */ = {
			isa = PBXFrameworksBuildPhase;
			buildActionMask = 2147483647;
			files = (
			);
			runOnlyForDeploymentPostprocessing = 0;
		};
		7A2FACE3294F9A1000175BF4 /* Frameworks */ = {
			isa = PBXFrameworksBuildPhase;
			buildActionMask = 2147483647;
			files = (
			);
			runOnlyForDeploymentPostprocessing = 0;
		};
/* End PBXFrameworksBuildPhase section */

/* Begin PBXGroup section */
		7A2FACBD294F9A1000175BF4 = {
			isa = PBXGroup;
			children = (
				7A2FACC8294F9A1000175BF4 /* AutoLayout */,
				7A2FACDF294F9A1000175BF4 /* AutoLayoutTests */,
				7A2FACE9294F9A1000175BF4 /* AutoLayoutUITests */,
				7A2FACC7294F9A1000175BF4 /* Products */,
			);
			sourceTree = "<group>";
		};
		7A2FACC7294F9A1000175BF4 /* Products */ = {
			isa = PBXGroup;
			children = (
				7A2FACC6294F9A1000175BF4 /* AutoLayout.app */,
				7A2FACDC294F9A1000175BF4 /* AutoLayoutTests.xctest */,
				7A2FACE6294F9A1000175BF4 /* AutoLayoutUITests.xctest */,
			);
			name = Products;
			sourceTree = "<group>";
		};
		7A2FACC8294F9A1000175BF4 /* AutoLayout */ = {
			isa = PBXGroup;
			children = (
				7A2FACC9294F9A1000175BF4 /* AppDelegate.swift */,
				7A2FACCB294F9A1000175BF4 /* SceneDelegate.swift */,
				7A2FACCD294F9A1000175BF4 /* ViewController.swift */,
				7A2FACCF294F9A1000175BF4 /* Main.storyboard */,
				7A2FACD2294F9A1000175BF4 /* Assets.xcassets */,
				7A2FACD4294F9A1000175BF4 /* LaunchScreen.storyboard */,
				7A2FACD7294F9A1000175BF4 /* Info.plist */,
			);
			path = AutoLayout;
			sourceTree = "<group>";
		};
		7A2FACDF294F9A1000175BF4 /* AutoLayoutTests */ = {
			isa = PBXGroup;
			children = (
				7A2FACE0294F9A1000175BF4 /* AutoLayoutTests.swift */,
			);
			path = AutoLayoutTests;
			sourceTree = "<group>";
		};
		7A2FACE9294F9A1000175BF4 /* AutoLayoutUITests */ = {
			isa = PBXGroup;
			children = (
				7A2FACEA294F9A1000175BF4 /* AutoLayoutUITests.swift */,
				7A2FACEC294F9A1000175BF4 /* AutoLayoutUITestsLaunchTests.swift */,
			);
			path = AutoLayoutUITests;
			sourceTree = "<group>";
		};
/* End PBXGroup section */

/* Begin PBXNativeTarget section */
		7A2FACC5294F9A1000175BF4 /* AutoLayout */ = {
			isa = PBXNativeTarget;
			buildConfigurationList = 7A2FACF0294F9A1000175BF4 /* Build configuration list for PBXNativeTarget "AutoLayout" */;
			buildPhases = (
				7A2FACC2294F9A1000175BF4 /* Sources */,
				7A2FACC3294F9A1000175BF4 /* Frameworks */,
				7A2FACC4294F9A1000175BF4 /* Resources */,
			);
			buildRules = (
			);
			dependencies = (
			);
			name = AutoLayout;
			productName = AutoLayout;
			productReference = 7A2FACC6294F9A1000175BF4 /* AutoLayout.app */;
			productType = "com.apple.product-type.application";
		};
		7A2FACDB294F9A1000175BF4 /* AutoLayoutTests */ = {
			isa = PBXNativeTarget;
			buildConfigurationList = 7A2FACF3294F9A1000175BF4 /* Build configuration list for PBXNativeTarget "AutoLayoutTests" */;
			buildPhases = (
				7A2FACD8294F9A1000175BF4 /* Sources */,
				7A2FACD9294F9A1000175BF4 /* Frameworks */,
				7A2FACDA294F9A1000175BF4 /* Resources */,
			);
			buildRules = (
			);
			dependencies = (
				7A2FACDE294F9A1000175BF4 /* PBXTargetDependency */,
			);
			name = AutoLayoutTests;
			productName = AutoLayoutTests;
			productReference = 7A2FACDC294F9A1000175BF4 /* AutoLayoutTests.xctest */;
			productType = "com.apple.product-type.bundle.unit-test";
		};
		7A2FACE5294F9A1000175BF4 /* AutoLayoutUITests */ = {
			isa = PBXNativeTarget;
			buildConfigurationList = 7A2FACF6294F9A1000175BF4 /* Build configuration list for PBXNativeTarget "AutoLayoutUITests" */;
			buildPhases = (
				7A2FACE2294F9A1000175BF4 /* Sources */,
				7A2FACE3294F9A1000175BF4 /* Frameworks */,
				7A2FACE4294F9A1000175BF4 /* Resources */,
			);
			buildRules = (
			);
			dependencies = (
				7A2FACE8294F9A1000175BF4 /* PBXTargetDependency */,
			);
			name = AutoLayoutUITests;
			productName = AutoLayoutUITests;
			productReference = 7A2FACE6294F9A1000175BF4 /* AutoLayoutUITests.xctest */;
			productType = "com.apple.product-type.bundle.ui-testing";
		};
/* End PBXNativeTarget section */

/* Begin PBXProject section */
		7A2FACBE294F9A1000175BF4 /* Project object */ = {
			isa = PBXProject;
			attributes = {
				BuildIndependentTargetsInParallel = 1;
				LastSwiftUpdateCheck = 1420;
				LastUpgradeCheck = 1420;
				TargetAttributes = {
					7A2FACC5294F9A1000175BF4 = {
						CreatedOnToolsVersion = 14.2;
					};
					7A2FACDB294F9A1000175BF4 = {
						CreatedOnToolsVersion = 14.2;
						TestTargetID = 7A2FACC5294F9A1000175BF4;
					};
					7A2FACE5294F9A1000175BF4 = {
						CreatedOnToolsVersion = 14.2;
						TestTargetID = 7A2FACC5294F9A1000175BF4;
					};
				};
			};
			buildConfigurationList = 7A2FACC1294F9A1000175BF4 /* Build configuration list for PBXProject "AutoLayout" */;
			compatibilityVersion = "Xcode 14.0";
			developmentRegion = en;
			hasScannedForEncodings = 0;
			knownRegions = (
				en,
				Base,
			);
			mainGroup = 7A2FACBD294F9A1000175BF4;
			productRefGroup = 7A2FACC7294F9A1000175BF4 /* Products */;
			projectDirPath = "";
			projectRoot = "";
			targets = (
				7A2FACC5294F9A1000175BF4 /* AutoLayout */,
				7A2FACDB294F9A1000175BF4 /* AutoLayoutTests */,
				7A2FACE5294F9A1000175BF4 /* AutoLayoutUITests */,
			);
		};
/* End PBXProject section */

/* Begin PBXResourcesBuildPhase section */
		7A2FACC4294F9A1000175BF4 /* Resources */ = {
			isa = PBXResourcesBuildPhase;
			buildActionMask = 2147483647;
			files = (
				7A2FACD6294F9A1000175BF4 /* LaunchScreen.storyboard in Resources */,
				7A2FACD3294F9A1000175BF4 /* Assets.xcassets in Resources */,
				7A2FACD1294F9A1000175BF4 /* Main.storyboard in Resources */,
			);
			runOnlyForDeploymentPostprocessing = 0;
		};
		7A2FACDA294F9A1000175BF4 /* Resources */ = {
			isa = PBXResourcesBuildPhase;
			buildActionMask = 2147483647;
			files = (
			);
			runOnlyForDeploymentPostprocessing = 0;
		};
		7A2FACE4294F9A1000175BF4 /* Resources */ = {
			isa = PBXResourcesBuildPhase;
			buildActionMask = 2147483647;
			files = (
			);
			runOnlyForDeploymentPostprocessing = 0;
		};
/* End PBXResourcesBuildPhase section */

/* Begin PBXSourcesBuildPhase section */
		7A2FACC2294F9A1000175BF4 /* Sources */ = {
			isa = PBXSourcesBuildPhase;
			buildActionMask = 2147483647;
			files = (
				7A2FACCE294F9A1000175BF4 /* ViewController.swift in Sources */,
				7A2FACCA294F9A1000175BF4 /* AppDelegate.swift in Sources */,
				7A2FACCC294F9A1000175BF4 /* SceneDelegate.swift in Sources */,
			);
			runOnlyForDeploymentPostprocessing = 0;
		};
		7A2FACD8294F9A1000175BF4 /* Sources */ = {
			isa = PBXSourcesBuildPhase;
			buildActionMask = 2147483647;
			files = (
				7A2FACE1294F9A1000175BF4 /* AutoLayoutTests.swift in Sources */,
			);
			runOnlyForDeploymentPostprocessing = 0;
		};
		7A2FACE2294F9A1000175BF4 /* Sources */ = {
			isa = PBXSourcesBuildPhase;
			buildActionMask = 2147483647;
			files = (
				7A2FACEB294F9A1000175BF4 /* AutoLayoutUITests.swift in Sources */,
				7A2FACED294F9A1000175BF4 /* AutoLayoutUITestsLaunchTests.swift in Sources */,
			);
			runOnlyForDeploymentPostprocessing = 0;
		};
/* End PBXSourcesBuildPhase section */

/* Begin PBXTargetDependency section */
		7A2FACDE294F9A1000175BF4 /* PBXTargetDependency */ = {
			isa = PBXTargetDependency;
			target = 7A2FACC5294F9A1000175BF4 /* AutoLayout */;
			targetProxy = 7A2FACDD294F9A1000175BF4 /* PBXContainerItemProxy */;
		};
		7A2FACE8294F9A1000175BF4 /* PBXTargetDependency */ = {
			isa = PBXTargetDependency;
			target = 7A2FACC5294F9A1000175BF4 /* AutoLayout */;
			targetProxy = 7A2FACE7294F9A1000175BF4 /* PBXContainerItemProxy */;
		};
/* End PBXTargetDependency section */

/* Begin PBXVariantGroup section */
		7A2FACCF294F9A1000175BF4 /* Main.storyboard */ = {
			isa = PBXVariantGroup;
			children = (
				7A2FACD0294F9A1000175BF4 /* Base */,
			);
			name = Main.storyboard;
			sourceTree = "<group>";
		};
		7A2FACD4294F9A1000175BF4 /* LaunchScreen.storyboard */ = {
			isa = PBXVariantGroup;
			children = (
				7A2FACD5294F9A1000175BF4 /* Base */,
			);
			name = LaunchScreen.storyboard;
			sourceTree = "<group>";
		};
/* End PBXVariantGroup section */

/* Begin XCBuildConfiguration section */
		7A2FACEE294F9A1000175BF4 /* Debug */ = {
			isa = XCBuildConfiguration;
			buildSettings = {
				ALWAYS_SEARCH_USER_PATHS = NO;
				CLANG_ANALYZER_NONNULL = YES;
				CLANG_ANALYZER_NUMBER_OBJECT_CONVERSION = YES_AGGRESSIVE;
				CLANG_CXX_LANGUAGE_STANDARD = "gnu++20";
				CLANG_ENABLE_MODULES = YES;
				CLANG_ENABLE_OBJC_ARC = YES;
				CLANG_ENABLE_OBJC_WEAK = YES;
				CLANG_WARN_BLOCK_CAPTURE_AUTORELEASING = YES;
				CLANG_WARN_BOOL_CONVERSION = YES;
				CLANG_WARN_COMMA = YES;
				CLANG_WARN_CONSTANT_CONVERSION = YES;
				CLANG_WARN_DEPRECATED_OBJC_IMPLEMENTATIONS = YES;
				CLANG_WARN_DIRECT_OBJC_ISA_USAGE = YES_ERROR;
				CLANG_WARN_DOCUMENTATION_COMMENTS = YES;
				CLANG_WARN_EMPTY_BODY = YES;
				CLANG_WARN_ENUM_CONVERSION = YES;
				CLANG_WARN_INFINITE_RECURSION = YES;
				CLANG_WARN_INT_CONVERSION = YES;
				CLANG_WARN_NON_LITERAL_NULL_CONVERSION = YES;
				CLANG_WARN_OBJC_IMPLICIT_RETAIN_SELF = YES;
				CLANG_WARN_OBJC_LITERAL_CONVERSION = YES;
				CLANG_WARN_OBJC_ROOT_CLASS = YES_ERROR;
				CLANG_WARN_QUOTED_INCLUDE_IN_FRAMEWORK_HEADER = YES;
				CLANG_WARN_RANGE_LOOP_ANALYSIS = YES;
				CLANG_WARN_STRICT_PROTOTYPES = YES;
				CLANG_WARN_SUSPICIOUS_MOVE = YES;
				CLANG_WARN_UNGUARDED_AVAILABILITY = YES_AGGRESSIVE;
				CLANG_WARN_UNREACHABLE_CODE = YES;
				CLANG_WARN__DUPLICATE_METHOD_MATCH = YES;
				COPY_PHASE_STRIP = NO;
				DEBUG_INFORMATION_FORMAT = dwarf;
				ENABLE_STRICT_OBJC_MSGSEND = YES;
				ENABLE_TESTABILITY = YES;
				GCC_C_LANGUAGE_STANDARD = gnu11;
				GCC_DYNAMIC_NO_PIC = NO;
				GCC_NO_COMMON_BLOCKS = YES;
				GCC_OPTIMIZATION_LEVEL = 0;
				GCC_PREPROCESSOR_DEFINITIONS = (
					"DEBUG=1",
					"$(inherited)",
				);
				GCC_WARN_64_TO_32_BIT_CONVERSION = YES;
				GCC_WARN_ABOUT_RETURN_TYPE = YES_ERROR;
				GCC_WARN_UNDECLARED_SELECTOR = YES;
				GCC_WARN_UNINITIALIZED_AUTOS = YES_AGGRESSIVE;
				GCC_WARN_UNUSED_FUNCTION = YES;
				GCC_WARN_UNUSED_VARIABLE = YES;
				IPHONEOS_DEPLOYMENT_TARGET = 16.2;
				MTL_ENABLE_DEBUG_INFO = INCLUDE_SOURCE;
				MTL_FAST_MATH = YES;
				ONLY_ACTIVE_ARCH = YES;
				SDKROOT = iphoneos;
				SWIFT_ACTIVE_COMPILATION_CONDITIONS = DEBUG;
				SWIFT_OPTIMIZATION_LEVEL = "-Onone";
			};
			name = Debug;
		};
		7A2FACEF294F9A1000175BF4 /* Release */ = {
			isa = XCBuildConfiguration;
			buildSettings = {
				ALWAYS_SEARCH_USER_PATHS = NO;
				CLANG_ANALYZER_NONNULL = YES;
				CLANG_ANALYZER_NUMBER_OBJECT_CONVERSION = YES_AGGRESSIVE;
				CLANG_CXX_LANGUAGE_STANDARD = "gnu++20";
				CLANG_ENABLE_MODULES = YES;
				CLANG_ENABLE_OBJC_ARC = YES;
				CLANG_ENABLE_OBJC_WEAK = YES;
				CLANG_WARN_BLOCK_CAPTURE_AUTORELEASING = YES;
				CLANG_WARN_BOOL_CONVERSION = YES;
				CLANG_WARN_COMMA = YES;
				CLANG_WARN_CONSTANT_CONVERSION = YES;
				CLANG_WARN_DEPRECATED_OBJC_IMPLEMENTATIONS = YES;
				CLANG_WARN_DIRECT_OBJC_ISA_USAGE = YES_ERROR;
				CLANG_WARN_DOCUMENTATION_COMMENTS = YES;
				CLANG_WARN_EMPTY_BODY = YES;
				CLANG_WARN_ENUM_CONVERSION = YES;
				CLANG_WARN_INFINITE_RECURSION = YES;
				CLANG_WARN_INT_CONVERSION = YES;
				CLANG_WARN_NON_LITERAL_NULL_CONVERSION = YES;
				CLANG_WARN_OBJC_IMPLICIT_RETAIN_SELF = YES;
				CLANG_WARN_OBJC_LITERAL_CONVERSION = YES;
				CLANG_WARN_OBJC_ROOT_CLASS = YES_ERROR;
				CLANG_WARN_QUOTED_INCLUDE_IN_FRAMEWORK_HEADER = YES;
				CLANG_WARN_RANGE_LOOP_ANALYSIS = YES;
				CLANG_WARN_STRICT_PROTOTYPES = YES;
				CLANG_WARN_SUSPICIOUS_MOVE = YES;
				CLANG_WARN_UNGUARDED_AVAILABILITY = YES_AGGRESSIVE;
				CLANG_WARN_UNREACHABLE_CODE = YES;
				CLANG_WARN__DUPLICATE_METHOD_MATCH = YES;
				COPY_PHASE_STRIP = NO;
				DEBUG_INFORMATION_FORMAT = "dwarf-with-dsym";
				ENABLE_NS_ASSERTIONS = NO;
				ENABLE_STRICT_OBJC_MSGSEND = YES;
				GCC_C_LANGUAGE_STANDARD = gnu11;
				GCC_NO_COMMON_BLOCKS = YES;
				GCC_WARN_64_TO_32_BIT_CONVERSION = YES;
				GCC_WARN_ABOUT_RETURN_TYPE = YES_ERROR;
				GCC_WARN_UNDECLARED_SELECTOR = YES;
				GCC_WARN_UNINITIALIZED_AUTOS = YES_AGGRESSIVE;
				GCC_WARN_UNUSED_FUNCTION = YES;
				GCC_WARN_UNUSED_VARIABLE = YES;
				IPHONEOS_DEPLOYMENT_TARGET = 16.2;
				MTL_ENABLE_DEBUG_INFO = NO;
				MTL_FAST_MATH = YES;
				SDKROOT = iphoneos;
				SWIFT_COMPILATION_MODE = wholemodule;
				SWIFT_OPTIMIZATION_LEVEL = "-O";
				VALIDATE_PRODUCT = YES;
			};
			name = Release;
		};
		7A2FACF1294F9A1000175BF4 /* Debug */ = {
			isa = XCBuildConfiguration;
			buildSettings = {
				ASSETCATALOG_COMPILER_APPICON_NAME = AppIcon;
				ASSETCATALOG_COMPILER_GLOBAL_ACCENT_COLOR_NAME = AccentColor;
				CODE_SIGN_STYLE = Automatic;
				CURRENT_PROJECT_VERSION = 1;
				GENERATE_INFOPLIST_FILE = YES;
				INFOPLIST_FILE = AutoLayout/Info.plist;
				INFOPLIST_KEY_UIApplicationSupportsIndirectInputEvents = YES;
				INFOPLIST_KEY_UILaunchStoryboardName = LaunchScreen;
				INFOPLIST_KEY_UIMainStoryboardFile = Main;
				INFOPLIST_KEY_UISupportedInterfaceOrientations_iPad = "UIInterfaceOrientationPortrait UIInterfaceOrientationPortraitUpsideDown UIInterfaceOrientationLandscapeLeft UIInterfaceOrientationLandscapeRight";
				INFOPLIST_KEY_UISupportedInterfaceOrientations_iPhone = "UIInterfaceOrientationPortrait UIInterfaceOrientationLandscapeLeft UIInterfaceOrientationLandscapeRight";
				LD_RUNPATH_SEARCH_PATHS = (
					"$(inherited)",
					"@executable_path/Frameworks",
				);
				MARKETING_VERSION = 1.0;
				PRODUCT_BUNDLE_IDENTIFIER = com.ercelserhat.AutoLayout;
				PRODUCT_NAME = "$(TARGET_NAME)";
				SWIFT_EMIT_LOC_STRINGS = YES;
				SWIFT_VERSION = 5.0;
				TARGETED_DEVICE_FAMILY = "1,2";
			};
			name = Debug;
		};
		7A2FACF2294F9A1000175BF4 /* Release */ = {
			isa = XCBuildConfiguration;
			buildSettings = {
				ASSETCATALOG_COMPILER_APPICON_NAME = AppIcon;
				ASSETCATALOG_COMPILER_GLOBAL_ACCENT_COLOR_NAME = AccentColor;
				CODE_SIGN_STYLE = Automatic;
				CURRENT_PROJECT_VERSION = 1;
				GENERATE_INFOPLIST_FILE = YES;
				INFOPLIST_FILE = AutoLayout/Info.plist;
				INFOPLIST_KEY_UIApplicationSupportsIndirectInputEvents = YES;
				INFOPLIST_KEY_UILaunchStoryboardName = LaunchScreen;
				INFOPLIST_KEY_UIMainStoryboardFile = Main;
				INFOPLIST_KEY_UISupportedInterfaceOrientations_iPad = "UIInterfaceOrientationPortrait UIInterfaceOrientationPortraitUpsideDown UIInterfaceOrientationLandscapeLeft UIInterfaceOrientationLandscapeRight";
				INFOPLIST_KEY_UISupportedInterfaceOrientations_iPhone = "UIInterfaceOrientationPortrait UIInterfaceOrientationLandscapeLeft UIInterfaceOrientationLandscapeRight";
				LD_RUNPATH_SEARCH_PATHS = (
					"$(inherited)",
					"@executable_path/Frameworks",
				);
				MARKETING_VERSION = 1.0;
				PRODUCT_BUNDLE_IDENTIFIER = com.ercelserhat.AutoLayout;
				PRODUCT_NAME = "$(TARGET_NAME)";
				SWIFT_EMIT_LOC_STRINGS = YES;
				SWIFT_VERSION = 5.0;
				TARGETED_DEVICE_FAMILY = "1,2";
			};
			name = Release;
		};
		7A2FACF4294F9A1000175BF4 /* Debug */ = {
			isa = XCBuildConfiguration;
			buildSettings = {
				ALWAYS_EMBED_SWIFT_STANDARD_LIBRARIES = YES;
				BUNDLE_LOADER = "$(TEST_HOST)";
				CODE_SIGN_STYLE = Automatic;
				CURRENT_PROJECT_VERSION = 1;
				GENERATE_INFOPLIST_FILE = YES;
				IPHONEOS_DEPLOYMENT_TARGET = 16.2;
				MARKETING_VERSION = 1.0;
				PRODUCT_BUNDLE_IDENTIFIER = com.ercelserhat.AutoLayoutTests;
				PRODUCT_NAME = "$(TARGET_NAME)";
				SWIFT_EMIT_LOC_STRINGS = NO;
				SWIFT_VERSION = 5.0;
				TARGETED_DEVICE_FAMILY = "1,2";
				TEST_HOST = "$(BUILT_PRODUCTS_DIR)/AutoLayout.app/$(BUNDLE_EXECUTABLE_FOLDER_PATH)/AutoLayout";
			};
			name = Debug;
		};
		7A2FACF5294F9A1000175BF4 /* Release */ = {
			isa = XCBuildConfiguration;
			buildSettings = {
				ALWAYS_EMBED_SWIFT_STANDARD_LIBRARIES = YES;
				BUNDLE_LOADER = "$(TEST_HOST)";
				CODE_SIGN_STYLE = Automatic;
				CURRENT_PROJECT_VERSION = 1;
				GENERATE_INFOPLIST_FILE = YES;
				IPHONEOS_DEPLOYMENT_TARGET = 16.2;
				MARKETING_VERSION = 1.0;
				PRODUCT_BUNDLE_IDENTIFIER = com.ercelserhat.AutoLayoutTests;
				PRODUCT_NAME = "$(TARGET_NAME)";
				SWIFT_EMIT_LOC_STRINGS = NO;
				SWIFT_VERSION = 5.0;
				TARGETED_DEVICE_FAMILY = "1,2";
				TEST_HOST = "$(BUILT_PRODUCTS_DIR)/AutoLayout.app/$(BUNDLE_EXECUTABLE_FOLDER_PATH)/AutoLayout";
			};
			name = Release;
		};
		7A2FACF7294F9A1000175BF4 /* Debug */ = {
			isa = XCBuildConfiguration;
			buildSettings = {
				ALWAYS_EMBED_SWIFT_STANDARD_LIBRARIES = YES;
				CODE_SIGN_STYLE = Automatic;
				CURRENT_PROJECT_VERSION = 1;
				GENERATE_INFOPLIST_FILE = YES;
				MARKETING_VERSION = 1.0;
				PRODUCT_BUNDLE_IDENTIFIER = com.ercelserhat.AutoLayoutUITests;
				PRODUCT_NAME = "$(TARGET_NAME)";
				SWIFT_EMIT_LOC_STRINGS = NO;
				SWIFT_VERSION = 5.0;
				TARGETED_DEVICE_FAMILY = "1,2";
				TEST_TARGET_NAME = AutoLayout;
			};
			name = Debug;
		};
		7A2FACF8294F9A1000175BF4 /* Release */ = {
			isa = XCBuildConfiguration;
			buildSettings = {
				ALWAYS_EMBED_SWIFT_STANDARD_LIBRARIES = YES;
				CODE_SIGN_STYLE = Automatic;
				CURRENT_PROJECT_VERSION = 1;
				GENERATE_INFOPLIST_FILE = YES;
				MARKETING_VERSION = 1.0;
				PRODUCT_BUNDLE_IDENTIFIER = com.ercelserhat.AutoLayoutUITests;
				PRODUCT_NAME = "$(TARGET_NAME)";
				SWIFT_EMIT_LOC_STRINGS = NO;
				SWIFT_VERSION = 5.0;
				TARGETED_DEVICE_FAMILY = "1,2";
				TEST_TARGET_NAME = AutoLayout;
			};
			name = Release;
		};
/* End XCBuildConfiguration section */

/* Begin XCConfigurationList section */
		7A2FACC1294F9A1000175BF4 /* Build configuration list for PBXProject "AutoLayout" */ = {
			isa = XCConfigurationList;
			buildConfigurations = (
				7A2FACEE294F9A1000175BF4 /* Debug */,
				7A2FACEF294F9A1000175BF4 /* Release */,
			);
			defaultConfigurationIsVisible = 0;
			defaultConfigurationName = Release;
		};
		7A2FACF0294F9A1000175BF4 /* Build configuration list for PBXNativeTarget "AutoLayout" */ = {
			isa = XCConfigurationList;
			buildConfigurations = (
				7A2FACF1294F9A1000175BF4 /* Debug */,
				7A2FACF2294F9A1000175BF4 /* Release */,
			);
			defaultConfigurationIsVisible = 0;
			defaultConfigurationName = Release;
		};
		7A2FACF3294F9A1000175BF4 /* Build configuration list for PBXNativeTarget "AutoLayoutTests" */ = {
			isa = XCConfigurationList;
			buildConfigurations = (
				7A2FACF4294F9A1000175BF4 /* Debug */,
				7A2FACF5294F9A1000175BF4 /* Release */,
			);
			defaultConfigurationIsVisible = 0;
			defaultConfigurationName = Release;
		};
		7A2FACF6294F9A1000175BF4 /* Build configuration list for PBXNativeTarget "AutoLayoutUITests" */ = {
			isa = XCConfigurationList;
			buildConfigurations = (
				7A2FACF7294F9A1000175BF4 /* Debug */,
				7A2FACF8294F9A1000175BF4 /* Release */,
			);
			defaultConfigurationIsVisible = 0;
			defaultConfigurationName = Release;
		};
/* End XCConfigurationList section */
	};
	rootObject = 7A2FACBE294F9A1000175BF4 /* Project object */;
}
